<?xml version="1.0" encoding="UTF-8"?>
<CodeBlocks_project_file>
	<FileVersion major="1" minor="6"/>
	<Project>
		<Option title="libs"/>
		<Option makefile_is_custom="1"/>
		<Option compiler="gcc"/>
		<Option virtualFolders="CMake Files\;CMake Files\src\;CMake Files\lib\;CMake Files\lib\gtest\;CMake Files\lib\gtest\googlemock\;CMake Files\lib\gtest\googlemock\cmake\;CMake Files\lib\gtest\googletest\;CMake Files\lib\gtest\googletest\cmake\;CMake Files\lib\libsodium\;CMake Files\lib\libsodium\src\;CMake Files\lib\libsodium\src\libsodium\;CMake Files\lib\libsodium\src\libsodium\include\;CMake Files\lib\libsodium\src\libsodium\include\sodium\;CMake Files\lib\xdrpp\;CMake Files\lib\xdrpp\xdrpp\;CMake Files\lib\xdrpp\xdrc\;"/>
		<Build>
			<Target title="all">
				<Option working_dir="/home/hp/c++/core/lib"/>
				<Option type="4"/>
				<MakeCommands>
					<Build command="/usr/bin/make -j12 -f &quot;/home/hp/c++/core/lib/Makefile&quot;  VERBOSE=1 all"/>
					<CompileFile command="/usr/bin/make -j12 -f &quot;/home/hp/c++/core/lib/Makefile&quot;  VERBOSE=1 &quot;$file&quot;"/>
					<Clean command="/usr/bin/make -j12 -f &quot;/home/hp/c++/core/lib/Makefile&quot;  VERBOSE=1 clean"/>
					<DistClean command="/usr/bin/make -j12 -f &quot;/home/hp/c++/core/lib/Makefile&quot;  VERBOSE=1 clean"/>
				</MakeCommands>
			</Target>
			<Target title="3rdparty">
				<Option output="/home/hp/c++/core/lib/lib3rdparty.a" prefix_auto="0" extension_auto="0"/>
				<Option working_dir="/home/hp/c++/core/lib"/>
				<Option object_output="./"/>
				<Option type="2"/>
				<Option compiler="gcc"/>
				<Compiler>
					<Add option="-DHAVE_CONFIG"/>
					<Add option="-DASIO_SEPARATE_COMPILATION=1"/>
					<Add option="-DSQLITE_OMIT_LOAD_EXTENSION=1"/>
					<Add directory="/home/hp/c++/core/lib/.."/>
					<Add directory="/home/hp/c++/core/lib/sqlite"/>
					<Add directory="/home/hp/c++/core/lib/../src"/>
					<Add directory="/home/hp/c++/core/lib"/>
					<Add directory="/home/hp/c++/core/lib/asio/include"/>
					<Add directory="/home/hp/c++/core/lib/soci/src/core"/>
					<Add directory="/home/hp/c++/core/lib/soci/src/backends/sqlite3"/>
					<Add directory="/home/hp/c++/core/lib/soci/src/backends/postgresql"/>
					<Add directory="/home/hp/c++/core/lib/libmedida/src"/>
					<Add directory="/home/hp/c++/core/lib/util"/>
					<Add directory="/usr/include/postgresql"/>
					<Add directory="/usr/include/c++/7"/>
					<Add directory="/usr/include/x86_64-linux-gnu/c++/7"/>
					<Add directory="/usr/include/c++/7/backward"/>
					<Add directory="/usr/lib/gcc/x86_64-linux-gnu/7/include"/>
					<Add directory="/usr/local/include"/>
					<Add directory="/usr/lib/gcc/x86_64-linux-gnu/7/include-fixed"/>
					<Add directory="/usr/include/x86_64-linux-gnu"/>
					<Add directory="/usr/include"/>
				</Compiler>
				<MakeCommands>
					<Build command="/usr/bin/make -j12 -f &quot;/home/hp/c++/core/lib/Makefile&quot;  VERBOSE=1 3rdparty"/>
					<CompileFile command="/usr/bin/make -j12 -f &quot;/home/hp/c++/core/lib/Makefile&quot;  VERBOSE=1 &quot;$file&quot;"/>
					<Clean command="/usr/bin/make -j12 -f &quot;/home/hp/c++/core/lib/Makefile&quot;  VERBOSE=1 clean"/>
					<DistClean command="/usr/bin/make -j12 -f &quot;/home/hp/c++/core/lib/Makefile&quot;  VERBOSE=1 clean"/>
				</MakeCommands>
			</Target>
			<Target title="3rdparty/fast">
				<Option output="/home/hp/c++/core/lib/lib3rdparty.a" prefix_auto="0" extension_auto="0"/>
				<Option working_dir="/home/hp/c++/core/lib"/>
				<Option object_output="./"/>
				<Option type="2"/>
				<Option compiler="gcc"/>
				<Compiler>
					<Add option="-DHAVE_CONFIG"/>
					<Add option="-DASIO_SEPARATE_COMPILATION=1"/>
					<Add option="-DSQLITE_OMIT_LOAD_EXTENSION=1"/>
					<Add directory="/home/hp/c++/core/lib/.."/>
					<Add directory="/home/hp/c++/core/lib/sqlite"/>
					<Add directory="/home/hp/c++/core/lib/../src"/>
					<Add directory="/home/hp/c++/core/lib"/>
					<Add directory="/home/hp/c++/core/lib/asio/include"/>
					<Add directory="/home/hp/c++/core/lib/soci/src/core"/>
					<Add directory="/home/hp/c++/core/lib/soci/src/backends/sqlite3"/>
					<Add directory="/home/hp/c++/core/lib/soci/src/backends/postgresql"/>
					<Add directory="/home/hp/c++/core/lib/libmedida/src"/>
					<Add directory="/home/hp/c++/core/lib/util"/>
					<Add directory="/usr/include/postgresql"/>
					<Add directory="/usr/include/c++/7"/>
					<Add directory="/usr/include/x86_64-linux-gnu/c++/7"/>
					<Add directory="/usr/include/c++/7/backward"/>
					<Add directory="/usr/lib/gcc/x86_64-linux-gnu/7/include"/>
					<Add directory="/usr/local/include"/>
					<Add directory="/usr/lib/gcc/x86_64-linux-gnu/7/include-fixed"/>
					<Add directory="/usr/include/x86_64-linux-gnu"/>
					<Add directory="/usr/include"/>
				</Compiler>
				<MakeCommands>
					<Build command="/usr/bin/make -j12 -f &quot;/home/hp/c++/core/lib/Makefile&quot;  VERBOSE=1 3rdparty/fast"/>
					<CompileFile command="/usr/bin/make -j12 -f &quot;/home/hp/c++/core/lib/Makefile&quot;  VERBOSE=1 &quot;$file&quot;"/>
					<Clean command="/usr/bin/make -j12 -f &quot;/home/hp/c++/core/lib/Makefile&quot;  VERBOSE=1 clean"/>
					<DistClean command="/usr/bin/make -j12 -f &quot;/home/hp/c++/core/lib/Makefile&quot;  VERBOSE=1 clean"/>
				</MakeCommands>
			</Target>
			<Target title="soci">
				<Option output="/home/hp/c++/core/lib/libsoci.a" prefix_auto="0" extension_auto="0"/>
				<Option working_dir="/home/hp/c++/core/lib"/>
				<Option object_output="./"/>
				<Option type="2"/>
				<Option compiler="gcc"/>
				<Compiler>
					<Add option="-DHAVE_CONFIG"/>
					<Add option="-DASIO_SEPARATE_COMPILATION=1"/>
					<Add option="-DSQLITE_OMIT_LOAD_EXTENSION=1"/>
					<Add directory="/home/hp/c++/core/lib/.."/>
					<Add directory="/home/hp/c++/core/lib/sqlite"/>
					<Add directory="/home/hp/c++/core/lib/../src"/>
					<Add directory="/home/hp/c++/core/lib"/>
					<Add directory="/home/hp/c++/core/lib/asio/include"/>
					<Add directory="/home/hp/c++/core/lib/soci/src/core"/>
					<Add directory="/home/hp/c++/core/lib/soci/src/backends/sqlite3"/>
					<Add directory="/home/hp/c++/core/lib/soci/src/backends/postgresql"/>
					<Add directory="/home/hp/c++/core/lib/libmedida/src"/>
					<Add directory="/home/hp/c++/core/lib/util"/>
					<Add directory="/usr/include/postgresql"/>
					<Add directory="/usr/include/c++/7"/>
					<Add directory="/usr/include/x86_64-linux-gnu/c++/7"/>
					<Add directory="/usr/include/c++/7/backward"/>
					<Add directory="/usr/lib/gcc/x86_64-linux-gnu/7/include"/>
					<Add directory="/usr/local/include"/>
					<Add directory="/usr/lib/gcc/x86_64-linux-gnu/7/include-fixed"/>
					<Add directory="/usr/include/x86_64-linux-gnu"/>
					<Add directory="/usr/include"/>
				</Compiler>
				<MakeCommands>
					<Build command="/usr/bin/make -j12 -f &quot;/home/hp/c++/core/lib/Makefile&quot;  VERBOSE=1 soci"/>
					<CompileFile command="/usr/bin/make -j12 -f &quot;/home/hp/c++/core/lib/Makefile&quot;  VERBOSE=1 &quot;$file&quot;"/>
					<Clean command="/usr/bin/make -j12 -f &quot;/home/hp/c++/core/lib/Makefile&quot;  VERBOSE=1 clean"/>
					<DistClean command="/usr/bin/make -j12 -f &quot;/home/hp/c++/core/lib/Makefile&quot;  VERBOSE=1 clean"/>
				</MakeCommands>
			</Target>
			<Target title="soci/fast">
				<Option output="/home/hp/c++/core/lib/libsoci.a" prefix_auto="0" extension_auto="0"/>
				<Option working_dir="/home/hp/c++/core/lib"/>
				<Option object_output="./"/>
				<Option type="2"/>
				<Option compiler="gcc"/>
				<Compiler>
					<Add option="-DHAVE_CONFIG"/>
					<Add option="-DASIO_SEPARATE_COMPILATION=1"/>
					<Add option="-DSQLITE_OMIT_LOAD_EXTENSION=1"/>
					<Add directory="/home/hp/c++/core/lib/.."/>
					<Add directory="/home/hp/c++/core/lib/sqlite"/>
					<Add directory="/home/hp/c++/core/lib/../src"/>
					<Add directory="/home/hp/c++/core/lib"/>
					<Add directory="/home/hp/c++/core/lib/asio/include"/>
					<Add directory="/home/hp/c++/core/lib/soci/src/core"/>
					<Add directory="/home/hp/c++/core/lib/soci/src/backends/sqlite3"/>
					<Add directory="/home/hp/c++/core/lib/soci/src/backends/postgresql"/>
					<Add directory="/home/hp/c++/core/lib/libmedida/src"/>
					<Add directory="/home/hp/c++/core/lib/util"/>
					<Add directory="/usr/include/postgresql"/>
					<Add directory="/usr/include/c++/7"/>
					<Add directory="/usr/include/x86_64-linux-gnu/c++/7"/>
					<Add directory="/usr/include/c++/7/backward"/>
					<Add directory="/usr/lib/gcc/x86_64-linux-gnu/7/include"/>
					<Add directory="/usr/local/include"/>
					<Add directory="/usr/lib/gcc/x86_64-linux-gnu/7/include-fixed"/>
					<Add directory="/usr/include/x86_64-linux-gnu"/>
					<Add directory="/usr/include"/>
				</Compiler>
				<MakeCommands>
					<Build command="/usr/bin/make -j12 -f &quot;/home/hp/c++/core/lib/Makefile&quot;  VERBOSE=1 soci/fast"/>
					<CompileFile command="/usr/bin/make -j12 -f &quot;/home/hp/c++/core/lib/Makefile&quot;  VERBOSE=1 &quot;$file&quot;"/>
					<Clean command="/usr/bin/make -j12 -f &quot;/home/hp/c++/core/lib/Makefile&quot;  VERBOSE=1 clean"/>
					<DistClean command="/usr/bin/make -j12 -f &quot;/home/hp/c++/core/lib/Makefile&quot;  VERBOSE=1 clean"/>
				</MakeCommands>
			</Target>
			<Target title="medida">
				<Option output="/home/hp/c++/core/lib/libmedida.a" prefix_auto="0" extension_auto="0"/>
				<Option working_dir="/home/hp/c++/core/lib"/>
				<Option object_output="./"/>
				<Option type="2"/>
				<Option compiler="gcc"/>
				<Compiler>
					<Add option="-DHAVE_CONFIG"/>
					<Add option="-DASIO_SEPARATE_COMPILATION=1"/>
					<Add option="-DSQLITE_OMIT_LOAD_EXTENSION=1"/>
					<Add directory="/home/hp/c++/core/lib/.."/>
					<Add directory="/home/hp/c++/core/lib/sqlite"/>
					<Add directory="/home/hp/c++/core/lib/../src"/>
					<Add directory="/home/hp/c++/core/lib"/>
					<Add directory="/home/hp/c++/core/lib/asio/include"/>
					<Add directory="/home/hp/c++/core/lib/soci/src/core"/>
					<Add directory="/home/hp/c++/core/lib/soci/src/backends/sqlite3"/>
					<Add directory="/home/hp/c++/core/lib/soci/src/backends/postgresql"/>
					<Add directory="/home/hp/c++/core/lib/libmedida/src"/>
					<Add directory="/home/hp/c++/core/lib/util"/>
					<Add directory="/usr/include/postgresql"/>
					<Add directory="/usr/include/c++/7"/>
					<Add directory="/usr/include/x86_64-linux-gnu/c++/7"/>
					<Add directory="/usr/include/c++/7/backward"/>
					<Add directory="/usr/lib/gcc/x86_64-linux-gnu/7/include"/>
					<Add directory="/usr/local/include"/>
					<Add directory="/usr/lib/gcc/x86_64-linux-gnu/7/include-fixed"/>
					<Add directory="/usr/include/x86_64-linux-gnu"/>
					<Add directory="/usr/include"/>
				</Compiler>
				<MakeCommands>
					<Build command="/usr/bin/make -j12 -f &quot;/home/hp/c++/core/lib/Makefile&quot;  VERBOSE=1 medida"/>
					<CompileFile command="/usr/bin/make -j12 -f &quot;/home/hp/c++/core/lib/Makefile&quot;  VERBOSE=1 &quot;$file&quot;"/>
					<Clean command="/usr/bin/make -j12 -f &quot;/home/hp/c++/core/lib/Makefile&quot;  VERBOSE=1 clean"/>
					<DistClean command="/usr/bin/make -j12 -f &quot;/home/hp/c++/core/lib/Makefile&quot;  VERBOSE=1 clean"/>
				</MakeCommands>
			</Target>
			<Target title="medida/fast">
				<Option output="/home/hp/c++/core/lib/libmedida.a" prefix_auto="0" extension_auto="0"/>
				<Option working_dir="/home/hp/c++/core/lib"/>
				<Option object_output="./"/>
				<Option type="2"/>
				<Option compiler="gcc"/>
				<Compiler>
					<Add option="-DHAVE_CONFIG"/>
					<Add option="-DASIO_SEPARATE_COMPILATION=1"/>
					<Add option="-DSQLITE_OMIT_LOAD_EXTENSION=1"/>
					<Add directory="/home/hp/c++/core/lib/.."/>
					<Add directory="/home/hp/c++/core/lib/sqlite"/>
					<Add directory="/home/hp/c++/core/lib/../src"/>
					<Add directory="/home/hp/c++/core/lib"/>
					<Add directory="/home/hp/c++/core/lib/asio/include"/>
					<Add directory="/home/hp/c++/core/lib/soci/src/core"/>
					<Add directory="/home/hp/c++/core/lib/soci/src/backends/sqlite3"/>
					<Add directory="/home/hp/c++/core/lib/soci/src/backends/postgresql"/>
					<Add directory="/home/hp/c++/core/lib/libmedida/src"/>
					<Add directory="/home/hp/c++/core/lib/util"/>
					<Add directory="/usr/include/postgresql"/>
					<Add directory="/usr/include/c++/7"/>
					<Add directory="/usr/include/x86_64-linux-gnu/c++/7"/>
					<Add directory="/usr/include/c++/7/backward"/>
					<Add directory="/usr/lib/gcc/x86_64-linux-gnu/7/include"/>
					<Add directory="/usr/local/include"/>
					<Add directory="/usr/lib/gcc/x86_64-linux-gnu/7/include-fixed"/>
					<Add directory="/usr/include/x86_64-linux-gnu"/>
					<Add directory="/usr/include"/>
				</Compiler>
				<MakeCommands>
					<Build command="/usr/bin/make -j12 -f &quot;/home/hp/c++/core/lib/Makefile&quot;  VERBOSE=1 medida/fast"/>
					<CompileFile command="/usr/bin/make -j12 -f &quot;/home/hp/c++/core/lib/Makefile&quot;  VERBOSE=1 &quot;$file&quot;"/>
					<Clean command="/usr/bin/make -j12 -f &quot;/home/hp/c++/core/lib/Makefile&quot;  VERBOSE=1 clean"/>
					<DistClean command="/usr/bin/make -j12 -f &quot;/home/hp/c++/core/lib/Makefile&quot;  VERBOSE=1 clean"/>
				</MakeCommands>
			</Target>
		</Build>
		<Unit filename="/home/hp/c++/core/lib/asio/src/asio.cpp">
			<Option target="3rdparty"/>
		</Unit>
		<Unit filename="/home/hp/c++/core/lib/http/HttpClient.cpp">
			<Option target="3rdparty"/>
		</Unit>
		<Unit filename="/home/hp/c++/core/lib/http/HttpClient.h">
			<Option target="3rdparty"/>
		</Unit>
		<Unit filename="/home/hp/c++/core/lib/http/connection.cpp">
			<Option target="3rdparty"/>
		</Unit>
		<Unit filename="/home/hp/c++/core/lib/http/connection.hpp">
			<Option target="3rdparty"/>
		</Unit>
		<Unit filename="/home/hp/c++/core/lib/http/connection_manager.cpp">
			<Option target="3rdparty"/>
		</Unit>
		<Unit filename="/home/hp/c++/core/lib/http/connection_manager.hpp">
			<Option target="3rdparty"/>
		</Unit>
		<Unit filename="/home/hp/c++/core/lib/http/header.hpp">
			<Option target="3rdparty"/>
		</Unit>
		<Unit filename="/home/hp/c++/core/lib/http/reply.cpp">
			<Option target="3rdparty"/>
		</Unit>
		<Unit filename="/home/hp/c++/core/lib/http/reply.hpp">
			<Option target="3rdparty"/>
		</Unit>
		<Unit filename="/home/hp/c++/core/lib/http/request.hpp">
			<Option target="3rdparty"/>
		</Unit>
		<Unit filename="/home/hp/c++/core/lib/http/request_parser.cpp">
			<Option target="3rdparty"/>
		</Unit>
		<Unit filename="/home/hp/c++/core/lib/http/request_parser.hpp">
			<Option target="3rdparty"/>
		</Unit>
		<Unit filename="/home/hp/c++/core/lib/http/server.cpp">
			<Option target="3rdparty"/>
		</Unit>
		<Unit filename="/home/hp/c++/core/lib/http/server.hpp">
			<Option target="3rdparty"/>
		</Unit>
		<Unit filename="/home/hp/c++/core/lib/json/json-forwards.h">
			<Option target="3rdparty"/>
		</Unit>
		<Unit filename="/home/hp/c++/core/lib/json/json.h">
			<Option target="3rdparty"/>
		</Unit>
		<Unit filename="/home/hp/c++/core/lib/json/jsoncpp.cpp">
			<Option target="3rdparty"/>
		</Unit>
		<Unit filename="/home/hp/c++/core/lib/libmedida/src/medida/counter.cc">
			<Option target="medida"/>
		</Unit>
		<Unit filename="/home/hp/c++/core/lib/libmedida/src/medida/counter.h">
			<Option target="medida"/>
		</Unit>
		<Unit filename="/home/hp/c++/core/lib/libmedida/src/medida/histogram.cc">
			<Option target="medida"/>
		</Unit>
		<Unit filename="/home/hp/c++/core/lib/libmedida/src/medida/histogram.h">
			<Option target="medida"/>
		</Unit>
		<Unit filename="/home/hp/c++/core/lib/libmedida/src/medida/medida.h">
			<Option target="medida"/>
		</Unit>
		<Unit filename="/home/hp/c++/core/lib/libmedida/src/medida/meter.cc">
			<Option target="medida"/>
		</Unit>
		<Unit filename="/home/hp/c++/core/lib/libmedida/src/medida/meter.h">
			<Option target="medida"/>
		</Unit>
		<Unit filename="/home/hp/c++/core/lib/libmedida/src/medida/metered_interface.h">
			<Option target="medida"/>
		</Unit>
		<Unit filename="/home/hp/c++/core/lib/libmedida/src/medida/metric_interface.h">
			<Option target="medida"/>
		</Unit>
		<Unit filename="/home/hp/c++/core/lib/libmedida/src/medida/metric_name.cc">
			<Option target="medida"/>
		</Unit>
		<Unit filename="/home/hp/c++/core/lib/libmedida/src/medida/metric_name.h">
			<Option target="medida"/>
		</Unit>
		<Unit filename="/home/hp/c++/core/lib/libmedida/src/medida/metric_processor.cc">
			<Option target="medida"/>
		</Unit>
		<Unit filename="/home/hp/c++/core/lib/libmedida/src/medida/metric_processor.h">
			<Option target="medida"/>
		</Unit>
		<Unit filename="/home/hp/c++/core/lib/libmedida/src/medida/metrics_registry.cc">
			<Option target="medida"/>
		</Unit>
		<Unit filename="/home/hp/c++/core/lib/libmedida/src/medida/metrics_registry.h">
			<Option target="medida"/>
		</Unit>
		<Unit filename="/home/hp/c++/core/lib/libmedida/src/medida/reporting/abstract_polling_reporter.cc">
			<Option target="medida"/>
		</Unit>
		<Unit filename="/home/hp/c++/core/lib/libmedida/src/medida/reporting/abstract_polling_reporter.h">
			<Option target="medida"/>
		</Unit>
		<Unit filename="/home/hp/c++/core/lib/libmedida/src/medida/reporting/collectd_reporter.cc">
			<Option target="medida"/>
		</Unit>
		<Unit filename="/home/hp/c++/core/lib/libmedida/src/medida/reporting/collectd_reporter.h">
			<Option target="medida"/>
		</Unit>
		<Unit filename="/home/hp/c++/core/lib/libmedida/src/medida/reporting/console_reporter.cc">
			<Option target="medida"/>
		</Unit>
		<Unit filename="/home/hp/c++/core/lib/libmedida/src/medida/reporting/console_reporter.h">
			<Option target="medida"/>
		</Unit>
		<Unit filename="/home/hp/c++/core/lib/libmedida/src/medida/reporting/json_reporter.cc">
			<Option target="medida"/>
		</Unit>
		<Unit filename="/home/hp/c++/core/lib/libmedida/src/medida/reporting/json_reporter.h">
			<Option target="medida"/>
		</Unit>
		<Unit filename="/home/hp/c++/core/lib/libmedida/src/medida/reporting/util.cc">
			<Option target="medida"/>
		</Unit>
		<Unit filename="/home/hp/c++/core/lib/libmedida/src/medida/reporting/util.h">
			<Option target="medida"/>
		</Unit>
		<Unit filename="/home/hp/c++/core/lib/libmedida/src/medida/sampling_interface.h">
			<Option target="medida"/>
		</Unit>
		<Unit filename="/home/hp/c++/core/lib/libmedida/src/medida/stats/ewma.cc">
			<Option target="medida"/>
		</Unit>
		<Unit filename="/home/hp/c++/core/lib/libmedida/src/medida/stats/ewma.h">
			<Option target="medida"/>
		</Unit>
		<Unit filename="/home/hp/c++/core/lib/libmedida/src/medida/stats/exp_decay_sample.cc">
			<Option target="medida"/>
		</Unit>
		<Unit filename="/home/hp/c++/core/lib/libmedida/src/medida/stats/exp_decay_sample.h">
			<Option target="medida"/>
		</Unit>
		<Unit filename="/home/hp/c++/core/lib/libmedida/src/medida/stats/sample.h">
			<Option target="medida"/>
		</Unit>
		<Unit filename="/home/hp/c++/core/lib/libmedida/src/medida/stats/snapshot.cc">
			<Option target="medida"/>
		</Unit>
		<Unit filename="/home/hp/c++/core/lib/libmedida/src/medida/stats/snapshot.h">
			<Option target="medida"/>
		</Unit>
		<Unit filename="/home/hp/c++/core/lib/libmedida/src/medida/stats/uniform_sample.cc">
			<Option target="medida"/>
		</Unit>
		<Unit filename="/home/hp/c++/core/lib/libmedida/src/medida/stats/uniform_sample.h">
			<Option target="medida"/>
		</Unit>
		<Unit filename="/home/hp/c++/core/lib/libmedida/src/medida/summarizable_interface.h">
			<Option target="medida"/>
		</Unit>
		<Unit filename="/home/hp/c++/core/lib/libmedida/src/medida/timer.cc">
			<Option target="medida"/>
		</Unit>
		<Unit filename="/home/hp/c++/core/lib/libmedida/src/medida/timer.h">
			<Option target="medida"/>
		</Unit>
		<Unit filename="/home/hp/c++/core/lib/libmedida/src/medida/timer_context.cc">
			<Option target="medida"/>
		</Unit>
		<Unit filename="/home/hp/c++/core/lib/libmedida/src/medida/timer_context.h">
			<Option target="medida"/>
		</Unit>
		<Unit filename="/home/hp/c++/core/lib/libmedida/src/medida/types.h">
			<Option target="medida"/>
		</Unit>
		<Unit filename="/home/hp/c++/core/lib/soci/src/backends/postgresql/blob.cpp">
			<Option target="soci"/>
		</Unit>
		<Unit filename="/home/hp/c++/core/lib/soci/src/backends/postgresql/common.cpp">
			<Option target="soci"/>
		</Unit>
		<Unit filename="/home/hp/c++/core/lib/soci/src/backends/postgresql/common.h">
			<Option target="soci"/>
		</Unit>
		<Unit filename="/home/hp/c++/core/lib/soci/src/backends/postgresql/error.cpp">
			<Option target="soci"/>
		</Unit>
		<Unit filename="/home/hp/c++/core/lib/soci/src/backends/postgresql/factory.cpp">
			<Option target="soci"/>
		</Unit>
		<Unit filename="/home/hp/c++/core/lib/soci/src/backends/postgresql/row-id.cpp">
			<Option target="soci"/>
		</Unit>
		<Unit filename="/home/hp/c++/core/lib/soci/src/backends/postgresql/session.cpp">
			<Option target="soci"/>
		</Unit>
		<Unit filename="/home/hp/c++/core/lib/soci/src/backends/postgresql/soci-postgresql.h">
			<Option target="soci"/>
		</Unit>
		<Unit filename="/home/hp/c++/core/lib/soci/src/backends/postgresql/standard-into-type.cpp">
			<Option target="soci"/>
		</Unit>
		<Unit filename="/home/hp/c++/core/lib/soci/src/backends/postgresql/standard-use-type.cpp">
			<Option target="soci"/>
		</Unit>
		<Unit filename="/home/hp/c++/core/lib/soci/src/backends/postgresql/statement.cpp">
			<Option target="soci"/>
		</Unit>
		<Unit filename="/home/hp/c++/core/lib/soci/src/backends/postgresql/vector-into-type.cpp">
			<Option target="soci"/>
		</Unit>
		<Unit filename="/home/hp/c++/core/lib/soci/src/backends/postgresql/vector-use-type.cpp">
			<Option target="soci"/>
		</Unit>
		<Unit filename="/home/hp/c++/core/lib/soci/src/backends/sqlite3/blob.cpp">
			<Option target="soci"/>
		</Unit>
		<Unit filename="/home/hp/c++/core/lib/soci/src/backends/sqlite3/common.cpp">
			<Option target="soci"/>
		</Unit>
		<Unit filename="/home/hp/c++/core/lib/soci/src/backends/sqlite3/common.h">
			<Option target="soci"/>
		</Unit>
		<Unit filename="/home/hp/c++/core/lib/soci/src/backends/sqlite3/factory.cpp">
			<Option target="soci"/>
		</Unit>
		<Unit filename="/home/hp/c++/core/lib/soci/src/backends/sqlite3/row-id.cpp">
			<Option target="soci"/>
		</Unit>
		<Unit filename="/home/hp/c++/core/lib/soci/src/backends/sqlite3/session.cpp">
			<Option target="soci"/>
		</Unit>
		<Unit filename="/home/hp/c++/core/lib/soci/src/backends/sqlite3/soci-sqlite3.h">
			<Option target="soci"/>
		</Unit>
		<Unit filename="/home/hp/c++/core/lib/soci/src/backends/sqlite3/standard-into-type.cpp">
			<Option target="soci"/>
		</Unit>
		<Unit filename="/home/hp/c++/core/lib/soci/src/backends/sqlite3/standard-use-type.cpp">
			<Option target="soci"/>
		</Unit>
		<Unit filename="/home/hp/c++/core/lib/soci/src/backends/sqlite3/statement.cpp">
			<Option target="soci"/>
		</Unit>
		<Unit filename="/home/hp/c++/core/lib/soci/src/backends/sqlite3/vector-into-type.cpp">
			<Option target="soci"/>
		</Unit>
		<Unit filename="/home/hp/c++/core/lib/soci/src/backends/sqlite3/vector-use-type.cpp">
			<Option target="soci"/>
		</Unit>
		<Unit filename="/home/hp/c++/core/lib/soci/src/core/backend-loader.cpp">
			<Option target="soci"/>
		</Unit>
		<Unit filename="/home/hp/c++/core/lib/soci/src/core/backend-loader.h">
			<Option target="soci"/>
		</Unit>
		<Unit filename="/home/hp/c++/core/lib/soci/src/core/blob-exchange.h">
			<Option target="soci"/>
		</Unit>
		<Unit filename="/home/hp/c++/core/lib/soci/src/core/blob.cpp">
			<Option target="soci"/>
		</Unit>
		<Unit filename="/home/hp/c++/core/lib/soci/src/core/blob.h">
			<Option target="soci"/>
		</Unit>
		<Unit filename="/home/hp/c++/core/lib/soci/src/core/connection-parameters.cpp">
			<Option target="soci"/>
		</Unit>
		<Unit filename="/home/hp/c++/core/lib/soci/src/core/connection-parameters.h">
			<Option target="soci"/>
		</Unit>
		<Unit filename="/home/hp/c++/core/lib/soci/src/core/connection-pool.cpp">
			<Option target="soci"/>
		</Unit>
		<Unit filename="/home/hp/c++/core/lib/soci/src/core/connection-pool.h">
			<Option target="soci"/>
		</Unit>
		<Unit filename="/home/hp/c++/core/lib/soci/src/core/error.cpp">
			<Option target="soci"/>
		</Unit>
		<Unit filename="/home/hp/c++/core/lib/soci/src/core/error.h">
			<Option target="soci"/>
		</Unit>
		<Unit filename="/home/hp/c++/core/lib/soci/src/core/exchange-traits.h">
			<Option target="soci"/>
		</Unit>
		<Unit filename="/home/hp/c++/core/lib/soci/src/core/into-type.cpp">
			<Option target="soci"/>
		</Unit>
		<Unit filename="/home/hp/c++/core/lib/soci/src/core/into-type.h">
			<Option target="soci"/>
		</Unit>
		<Unit filename="/home/hp/c++/core/lib/soci/src/core/into.h">
			<Option target="soci"/>
		</Unit>
		<Unit filename="/home/hp/c++/core/lib/soci/src/core/once-temp-type.cpp">
			<Option target="soci"/>
		</Unit>
		<Unit filename="/home/hp/c++/core/lib/soci/src/core/once-temp-type.h">
			<Option target="soci"/>
		</Unit>
		<Unit filename="/home/hp/c++/core/lib/soci/src/core/prepare-temp-type.cpp">
			<Option target="soci"/>
		</Unit>
		<Unit filename="/home/hp/c++/core/lib/soci/src/core/prepare-temp-type.h">
			<Option target="soci"/>
		</Unit>
		<Unit filename="/home/hp/c++/core/lib/soci/src/core/procedure.cpp">
			<Option target="soci"/>
		</Unit>
		<Unit filename="/home/hp/c++/core/lib/soci/src/core/procedure.h">
			<Option target="soci"/>
		</Unit>
		<Unit filename="/home/hp/c++/core/lib/soci/src/core/query_transformation.h">
			<Option target="soci"/>
		</Unit>
		<Unit filename="/home/hp/c++/core/lib/soci/src/core/ref-counted-prepare-info.cpp">
			<Option target="soci"/>
		</Unit>
		<Unit filename="/home/hp/c++/core/lib/soci/src/core/ref-counted-prepare-info.h">
			<Option target="soci"/>
		</Unit>
		<Unit filename="/home/hp/c++/core/lib/soci/src/core/ref-counted-statement.cpp">
			<Option target="soci"/>
		</Unit>
		<Unit filename="/home/hp/c++/core/lib/soci/src/core/ref-counted-statement.h">
			<Option target="soci"/>
		</Unit>
		<Unit filename="/home/hp/c++/core/lib/soci/src/core/row-exchange.h">
			<Option target="soci"/>
		</Unit>
		<Unit filename="/home/hp/c++/core/lib/soci/src/core/row.cpp">
			<Option target="soci"/>
		</Unit>
		<Unit filename="/home/hp/c++/core/lib/soci/src/core/row.h">
			<Option target="soci"/>
		</Unit>
		<Unit filename="/home/hp/c++/core/lib/soci/src/core/rowid-exchange.h">
			<Option target="soci"/>
		</Unit>
		<Unit filename="/home/hp/c++/core/lib/soci/src/core/rowid.cpp">
			<Option target="soci"/>
		</Unit>
		<Unit filename="/home/hp/c++/core/lib/soci/src/core/rowid.h">
			<Option target="soci"/>
		</Unit>
		<Unit filename="/home/hp/c++/core/lib/soci/src/core/rowset.h">
			<Option target="soci"/>
		</Unit>
		<Unit filename="/home/hp/c++/core/lib/soci/src/core/session.cpp">
			<Option target="soci"/>
		</Unit>
		<Unit filename="/home/hp/c++/core/lib/soci/src/core/session.h">
			<Option target="soci"/>
		</Unit>
		<Unit filename="/home/hp/c++/core/lib/soci/src/core/soci-backend.h">
			<Option target="soci"/>
		</Unit>
		<Unit filename="/home/hp/c++/core/lib/soci/src/core/soci-config.h">
			<Option target="soci"/>
		</Unit>
		<Unit filename="/home/hp/c++/core/lib/soci/src/core/soci-platform.h">
			<Option target="soci"/>
		</Unit>
		<Unit filename="/home/hp/c++/core/lib/soci/src/core/soci-simple.cpp">
			<Option target="soci"/>
		</Unit>
		<Unit filename="/home/hp/c++/core/lib/soci/src/core/soci-simple.h">
			<Option target="soci"/>
		</Unit>
		<Unit filename="/home/hp/c++/core/lib/soci/src/core/soci.h">
			<Option target="soci"/>
		</Unit>
		<Unit filename="/home/hp/c++/core/lib/soci/src/core/soci_backends_config.h">
			<Option target="soci"/>
		</Unit>
		<Unit filename="/home/hp/c++/core/lib/soci/src/core/statement.cpp">
			<Option target="soci"/>
		</Unit>
		<Unit filename="/home/hp/c++/core/lib/soci/src/core/statement.h">
			<Option target="soci"/>
		</Unit>
		<Unit filename="/home/hp/c++/core/lib/soci/src/core/transaction.cpp">
			<Option target="soci"/>
		</Unit>
		<Unit filename="/home/hp/c++/core/lib/soci/src/core/transaction.h">
			<Option target="soci"/>
		</Unit>
		<Unit filename="/home/hp/c++/core/lib/soci/src/core/type-conversion-traits.h">
			<Option target="soci"/>
		</Unit>
		<Unit filename="/home/hp/c++/core/lib/soci/src/core/type-conversion.h">
			<Option target="soci"/>
		</Unit>
		<Unit filename="/home/hp/c++/core/lib/soci/src/core/type-holder.h">
			<Option target="soci"/>
		</Unit>
		<Unit filename="/home/hp/c++/core/lib/soci/src/core/type-ptr.h">
			<Option target="soci"/>
		</Unit>
		<Unit filename="/home/hp/c++/core/lib/soci/src/core/unsigned-types.h">
			<Option target="soci"/>
		</Unit>
		<Unit filename="/home/hp/c++/core/lib/soci/src/core/use-type.cpp">
			<Option target="soci"/>
		</Unit>
		<Unit filename="/home/hp/c++/core/lib/soci/src/core/use-type.h">
			<Option target="soci"/>
		</Unit>
		<Unit filename="/home/hp/c++/core/lib/soci/src/core/use.h">
			<Option target="soci"/>
		</Unit>
		<Unit filename="/home/hp/c++/core/lib/soci/src/core/values-exchange.h">
			<Option target="soci"/>
		</Unit>
		<Unit filename="/home/hp/c++/core/lib/soci/src/core/values.cpp">
			<Option target="soci"/>
		</Unit>
		<Unit filename="/home/hp/c++/core/lib/soci/src/core/values.h">
			<Option target="soci"/>
		</Unit>
		<Unit filename="/home/hp/c++/core/lib/soci/src/core/version.h">
			<Option target="soci"/>
		</Unit>
		<Unit filename="/home/hp/c++/core/lib/sqlite/sqlite3.c">
			<Option target="3rdparty"/>
		</Unit>
		<Unit filename="/home/hp/c++/core/lib/sqlite/sqlite3.h">
			<Option target="3rdparty"/>
		</Unit>
		<Unit filename="/home/hp/c++/core/lib/util/basen.h">
			<Option target="3rdparty"/>
		</Unit>
		<Unit filename="/home/hp/c++/core/lib/util/cpptoml.h">
			<Option target="3rdparty"/>
		</Unit>
		<Unit filename="/home/hp/c++/core/lib/util/crc16.cpp">
			<Option target="3rdparty"/>
		</Unit>
		<Unit filename="/home/hp/c++/core/lib/util/crc16.h">
			<Option target="3rdparty"/>
		</Unit>
		<Unit filename="/home/hp/c++/core/lib/util/easylogging++.h">
			<Option target="3rdparty"/>
		</Unit>
		<Unit filename="/home/hp/c++/core/lib/util/format.cc">
			<Option target="3rdparty"/>
		</Unit>
		<Unit filename="/home/hp/c++/core/lib/util/format.h">
			<Option target="3rdparty"/>
		</Unit>
		<Unit filename="/home/hp/c++/core/lib/util/getopt.h">
			<Option target="3rdparty"/>
		</Unit>
		<Unit filename="/home/hp/c++/core/lib/util/getopt_long.c">
			<Option target="3rdparty"/>
		</Unit>
		<Unit filename="/home/hp/c++/core/lib/util/lrucache.hpp">
			<Option target="3rdparty"/>
		</Unit>
		<Unit filename="/home/hp/c++/core/lib/util/uint128_t.cpp">
			<Option target="3rdparty"/>
		</Unit>
		<Unit filename="/home/hp/c++/core/lib/util/uint128_t.h">
			<Option target="3rdparty"/>
		</Unit>
		<Unit filename="/home/hp/c++/core/CMakeLists.txt">
			<Option virtualFolder="CMake Files\"/>
		</Unit>
		<Unit filename="/home/hp/c++/core/src/CMakeLists.txt">
			<Option virtualFolder="CMake Files\src\"/>
		</Unit>
		<Unit filename="/home/hp/c++/core/src/gen_xdr.cmake">
			<Option virtualFolder="CMake Files\src\"/>
		</Unit>
		<Unit filename="/home/hp/c++/core/src/platform_definitions.cmake">
			<Option virtualFolder="CMake Files\src\"/>
		</Unit>
		<Unit filename="/home/hp/c++/core/src/platform_include.cmake">
			<Option virtualFolder="CMake Files\src\"/>
		</Unit>
		<Unit filename="/home/hp/c++/core/src/platform_libs.cmake">
			<Option virtualFolder="CMake Files\src\"/>
		</Unit>
		<Unit filename="/home/hp/c++/core/lib/CMakeLists.txt">
			<Option virtualFolder="CMake Files\lib\"/>
		</Unit>
		<Unit filename="/home/hp/c++/core/lib/gtest/CMakeLists.txt">
			<Option virtualFolder="CMake Files\lib\gtest\"/>
		</Unit>
		<Unit filename="/home/hp/c++/core/lib/gtest/googlemock/CMakeLists.txt">
			<Option virtualFolder="CMake Files\lib\gtest\googlemock\"/>
		</Unit>
		<Unit filename="/home/hp/c++/core/lib/gtest/googlemock/cmake/gmock.pc.in">
			<Option virtualFolder="CMake Files\lib\gtest\googlemock\cmake\"/>
		</Unit>
		<Unit filename="/home/hp/c++/core/lib/gtest/googlemock/cmake/gmock_main.pc.in">
			<Option virtualFolder="CMake Files\lib\gtest\googlemock\cmake\"/>
		</Unit>
		<Unit filename="/home/hp/c++/core/lib/gtest/googletest/CMakeLists.txt">
			<Option virtualFolder="CMake Files\lib\gtest\googletest\"/>
		</Unit>
		<Unit filename="/home/hp/c++/core/lib/gtest/googletest/cmake/gtest.pc.in">
			<Option virtualFolder="CMake Files\lib\gtest\googletest\cmake\"/>
		</Unit>
		<Unit filename="/home/hp/c++/core/lib/gtest/googletest/cmake/gtest_main.pc.in">
			<Option virtualFolder="CMake Files\lib\gtest\googletest\cmake\"/>
		</Unit>
		<Unit filename="/home/hp/c++/core/lib/gtest/googletest/cmake/internal_utils.cmake">
			<Option virtualFolder="CMake Files\lib\gtest\googletest\cmake\"/>
		</Unit>
		<Unit filename="/home/hp/c++/core/lib/libsodium/CMakeLists.txt">
			<Option virtualFolder="CMake Files\lib\libsodium\"/>
		</Unit>
		<Unit filename="/home/hp/c++/core/lib/libsodium/src/libsodium/include/sodium/version.h.in">
			<Option virtualFolder="CMake Files\lib\libsodium\src\libsodium\include\sodium\"/>
		</Unit>
		<Unit filename="/home/hp/c++/core/lib/xdrpp/CMakeLists.txt">
			<Option virtualFolder="CMake Files\lib\xdrpp\"/>
		</Unit>
		<Unit filename="/home/hp/c++/core/lib/xdrpp/config.h.in">
			<Option virtualFolder="CMake Files\lib\xdrpp\"/>
		</Unit>
		<Unit filename="/home/hp/c++/core/lib/xdrpp/configure_xdr.cmake">
			<Option virtualFolder="CMake Files\lib\xdrpp\"/>
		</Unit>
		<Unit filename="/home/hp/c++/core/lib/xdrpp/xdrpp/CMakeLists.txt">
			<Option virtualFolder="CMake Files\lib\xdrpp\xdrpp\"/>
		</Unit>
		<Unit filename="/home/hp/c++/core/lib/xdrpp/xdrpp/build_endian.h.in">
			<Option virtualFolder="CMake Files\lib\xdrpp\xdrpp\"/>
		</Unit>
		<Unit filename="/home/hp/c++/core/lib/xdrpp/xdrpp/gen_xdrpp.cmake">
			<Option virtualFolder="CMake Files\lib\xdrpp\xdrpp\"/>
		</Unit>
		<Unit filename="/home/hp/c++/core/lib/xdrpp/xdrc/CMakeLists.txt">
			<Option virtualFolder="CMake Files\lib\xdrpp\xdrc\"/>
		</Unit>
	</Project>
</CodeBlocks_project_file>
