<?xml version="1.0" encoding="UTF-8"?>
<CodeBlocks_project_file>
	<FileVersion major="1" minor="6"/>
	<Project>
		<Option title="core"/>
		<Option makefile_is_custom="1"/>
		<Option compiler="gcc"/>
		<Option virtualFolders="CMake Files\;CMake Files\src\;CMake Files\lib\;CMake Files\lib\gtest\;CMake Files\lib\gtest\googlemock\;CMake Files\lib\gtest\googlemock\cmake\;CMake Files\lib\gtest\googletest\;CMake Files\lib\gtest\googletest\cmake\;CMake Files\lib\libsodium\;CMake Files\lib\libsodium\src\;CMake Files\lib\libsodium\src\libsodium\;CMake Files\lib\libsodium\src\libsodium\include\;CMake Files\lib\libsodium\src\libsodium\include\sodium\;CMake Files\lib\xdrpp\;CMake Files\lib\xdrpp\xdrpp\;CMake Files\lib\xdrpp\xdrc\;"/>
		<Build>
			<Target title="all">
				<Option working_dir="/home/hp/c++/core/src"/>
				<Option type="4"/>
				<MakeCommands>
					<Build command="/usr/bin/make -j12 -f &quot;/home/hp/c++/core/src/Makefile&quot;  VERBOSE=1 all"/>
					<CompileFile command="/usr/bin/make -j12 -f &quot;/home/hp/c++/core/src/Makefile&quot;  VERBOSE=1 &quot;$file&quot;"/>
					<Clean command="/usr/bin/make -j12 -f &quot;/home/hp/c++/core/src/Makefile&quot;  VERBOSE=1 clean"/>
					<DistClean command="/usr/bin/make -j12 -f &quot;/home/hp/c++/core/src/Makefile&quot;  VERBOSE=1 clean"/>
				</MakeCommands>
			</Target>
			<Target title="core">
				<Option output="/home/hp/c++/core/src/core" prefix_auto="0" extension_auto="0"/>
				<Option working_dir="/home/hp/c++/core/src"/>
				<Option object_output="./"/>
				<Option type="1"/>
				<Option compiler="gcc"/>
				<Compiler>
					<Add option="-DASIO_STANDALONE"/>
					<Add option="-DHAVE_CONFIG_H"/>
					<Add option="-DASIO_SEPARATE_COMPILATION=1"/>
					<Add option="-DSQLITE_OMIT_LOAD_EXTENSION=1"/>
					<Add option="-DUSE_POSTGRES=1"/>
					<Add option="-DXDR_REVISION=&quot;a2bef06453f25c0dbe29052dffd0b71bfacf5cdb&quot;"/>
					<Add directory="/home/hp/c++/core/src"/>
					<Add directory="/home/hp/c++/core/src/.."/>
					<Add directory="/home/hp/c++/core/src/../lib"/>
					<Add directory="/home/hp/c++/core/src/../src"/>
					<Add directory="/home/hp/c++/core/src/../lib/libsodium/src/libsodium/include"/>
					<Add directory="/home/hp/c++/core/src/../lib/libsodium/src/libsodium/include/sodium"/>
					<Add directory="/home/hp/c++/core/src/../lib/xdrpp"/>
					<Add directory="/home/hp/c++/core/src/../lib/libmedida/src"/>
					<Add directory="/home/hp/c++/core/src/../lib/soci/src/core"/>
					<Add directory="/home/hp/c++/core/src/../lib/soci/src/backends/sqlite3"/>
					<Add directory="/home/hp/c++/core/src/../lib/soci/src/backends/postgresql"/>
					<Add directory="/home/hp/c++/core/src/../lib/autocheck/include"/>
					<Add directory="/home/hp/c++/core/src/../lib/cereal/include"/>
					<Add directory="/home/hp/c++/core/src/../lib/asio/include"/>
					<Add directory="/home/hp/c++/core/src/../lib/util"/>
					<Add directory="/home/hp/c++/core/src/../lib/gtest/googlemock/include"/>
					<Add directory="/usr/include/postgresql"/>
					<Add directory="/usr/include/openssl-1.0"/>
					<Add directory="/home/hp/c++/core/src/xdr"/>
					<Add directory="/home/hp/c++/core/lib/gtest/googlemock/include"/>
					<Add directory="/home/hp/c++/core/lib/gtest/googletest/include"/>
					<Add directory="/usr/include/c++/7"/>
					<Add directory="/usr/include/x86_64-linux-gnu/c++/7"/>
					<Add directory="/usr/include/c++/7/backward"/>
					<Add directory="/usr/lib/gcc/x86_64-linux-gnu/7/include"/>
					<Add directory="/usr/local/include"/>
					<Add directory="/usr/lib/gcc/x86_64-linux-gnu/7/include-fixed"/>
					<Add directory="/usr/include/x86_64-linux-gnu"/>
					<Add directory="/usr/include"/>
				</Compiler>
				<MakeCommands>
					<Build command="/usr/bin/make -j12 -f &quot;/home/hp/c++/core/src/Makefile&quot;  VERBOSE=1 core"/>
					<CompileFile command="/usr/bin/make -j12 -f &quot;/home/hp/c++/core/src/Makefile&quot;  VERBOSE=1 &quot;$file&quot;"/>
					<Clean command="/usr/bin/make -j12 -f &quot;/home/hp/c++/core/src/Makefile&quot;  VERBOSE=1 clean"/>
					<DistClean command="/usr/bin/make -j12 -f &quot;/home/hp/c++/core/src/Makefile&quot;  VERBOSE=1 clean"/>
				</MakeCommands>
			</Target>
			<Target title="core/fast">
				<Option output="/home/hp/c++/core/src/core" prefix_auto="0" extension_auto="0"/>
				<Option working_dir="/home/hp/c++/core/src"/>
				<Option object_output="./"/>
				<Option type="1"/>
				<Option compiler="gcc"/>
				<Compiler>
					<Add option="-DASIO_STANDALONE"/>
					<Add option="-DHAVE_CONFIG_H"/>
					<Add option="-DASIO_SEPARATE_COMPILATION=1"/>
					<Add option="-DSQLITE_OMIT_LOAD_EXTENSION=1"/>
					<Add option="-DUSE_POSTGRES=1"/>
					<Add option="-DXDR_REVISION=&quot;a2bef06453f25c0dbe29052dffd0b71bfacf5cdb&quot;"/>
					<Add directory="/home/hp/c++/core/src"/>
					<Add directory="/home/hp/c++/core/src/.."/>
					<Add directory="/home/hp/c++/core/src/../lib"/>
					<Add directory="/home/hp/c++/core/src/../src"/>
					<Add directory="/home/hp/c++/core/src/../lib/libsodium/src/libsodium/include"/>
					<Add directory="/home/hp/c++/core/src/../lib/libsodium/src/libsodium/include/sodium"/>
					<Add directory="/home/hp/c++/core/src/../lib/xdrpp"/>
					<Add directory="/home/hp/c++/core/src/../lib/libmedida/src"/>
					<Add directory="/home/hp/c++/core/src/../lib/soci/src/core"/>
					<Add directory="/home/hp/c++/core/src/../lib/soci/src/backends/sqlite3"/>
					<Add directory="/home/hp/c++/core/src/../lib/soci/src/backends/postgresql"/>
					<Add directory="/home/hp/c++/core/src/../lib/autocheck/include"/>
					<Add directory="/home/hp/c++/core/src/../lib/cereal/include"/>
					<Add directory="/home/hp/c++/core/src/../lib/asio/include"/>
					<Add directory="/home/hp/c++/core/src/../lib/util"/>
					<Add directory="/home/hp/c++/core/src/../lib/gtest/googlemock/include"/>
					<Add directory="/usr/include/postgresql"/>
					<Add directory="/usr/include/openssl-1.0"/>
					<Add directory="/home/hp/c++/core/src/xdr"/>
					<Add directory="/home/hp/c++/core/lib/gtest/googlemock/include"/>
					<Add directory="/home/hp/c++/core/lib/gtest/googletest/include"/>
					<Add directory="/usr/include/c++/7"/>
					<Add directory="/usr/include/x86_64-linux-gnu/c++/7"/>
					<Add directory="/usr/include/c++/7/backward"/>
					<Add directory="/usr/lib/gcc/x86_64-linux-gnu/7/include"/>
					<Add directory="/usr/local/include"/>
					<Add directory="/usr/lib/gcc/x86_64-linux-gnu/7/include-fixed"/>
					<Add directory="/usr/include/x86_64-linux-gnu"/>
					<Add directory="/usr/include"/>
				</Compiler>
				<MakeCommands>
					<Build command="/usr/bin/make -j12 -f &quot;/home/hp/c++/core/src/Makefile&quot;  VERBOSE=1 core/fast"/>
					<CompileFile command="/usr/bin/make -j12 -f &quot;/home/hp/c++/core/src/Makefile&quot;  VERBOSE=1 &quot;$file&quot;"/>
					<Clean command="/usr/bin/make -j12 -f &quot;/home/hp/c++/core/src/Makefile&quot;  VERBOSE=1 clean"/>
					<DistClean command="/usr/bin/make -j12 -f &quot;/home/hp/c++/core/src/Makefile&quot;  VERBOSE=1 clean"/>
				</MakeCommands>
			</Target>
		</Build>
		<Unit filename="/home/hp/c++/core/config.h.in">
			<Option target="core"/>
		</Unit>
		<Unit filename="/home/hp/c++/core/src/bucket/Bucket.cpp">
			<Option target="core"/>
		</Unit>
		<Unit filename="/home/hp/c++/core/src/bucket/Bucket.h">
			<Option target="core"/>
		</Unit>
		<Unit filename="/home/hp/c++/core/src/bucket/BucketApplicator.cpp">
			<Option target="core"/>
		</Unit>
		<Unit filename="/home/hp/c++/core/src/bucket/BucketApplicator.h">
			<Option target="core"/>
		</Unit>
		<Unit filename="/home/hp/c++/core/src/bucket/BucketList.cpp">
			<Option target="core"/>
		</Unit>
		<Unit filename="/home/hp/c++/core/src/bucket/BucketList.h">
			<Option target="core"/>
		</Unit>
		<Unit filename="/home/hp/c++/core/src/bucket/BucketManager.h">
			<Option target="core"/>
		</Unit>
		<Unit filename="/home/hp/c++/core/src/bucket/BucketManagerImpl.cpp">
			<Option target="core"/>
		</Unit>
		<Unit filename="/home/hp/c++/core/src/bucket/BucketManagerImpl.h">
			<Option target="core"/>
		</Unit>
		<Unit filename="/home/hp/c++/core/src/bucket/BucketTests.cpp">
			<Option target="core"/>
		</Unit>
		<Unit filename="/home/hp/c++/core/src/bucket/FutureBucket.cpp">
			<Option target="core"/>
		</Unit>
		<Unit filename="/home/hp/c++/core/src/bucket/FutureBucket.h">
			<Option target="core"/>
		</Unit>
		<Unit filename="/home/hp/c++/core/src/bucket/LedgerCmp.h">
			<Option target="core"/>
		</Unit>
		<Unit filename="/home/hp/c++/core/src/crypto/ByteSlice.h">
			<Option target="core"/>
		</Unit>
		<Unit filename="/home/hp/c++/core/src/crypto/CryptoTests.cpp">
			<Option target="core"/>
		</Unit>
		<Unit filename="/home/hp/c++/core/src/crypto/ECDH.cpp">
			<Option target="core"/>
		</Unit>
		<Unit filename="/home/hp/c++/core/src/crypto/ECDH.h">
			<Option target="core"/>
		</Unit>
		<Unit filename="/home/hp/c++/core/src/crypto/Hex.cpp">
			<Option target="core"/>
		</Unit>
		<Unit filename="/home/hp/c++/core/src/crypto/Hex.h">
			<Option target="core"/>
		</Unit>
		<Unit filename="/home/hp/c++/core/src/crypto/Random.cpp">
			<Option target="core"/>
		</Unit>
		<Unit filename="/home/hp/c++/core/src/crypto/Random.h">
			<Option target="core"/>
		</Unit>
		<Unit filename="/home/hp/c++/core/src/crypto/SHA.cpp">
			<Option target="core"/>
		</Unit>
		<Unit filename="/home/hp/c++/core/src/crypto/SHA.h">
			<Option target="core"/>
		</Unit>
		<Unit filename="/home/hp/c++/core/src/crypto/SecretKey.cpp">
			<Option target="core"/>
		</Unit>
		<Unit filename="/home/hp/c++/core/src/crypto/SecretKey.h">
			<Option target="core"/>
		</Unit>
		<Unit filename="/home/hp/c++/core/src/crypto/StrKey.cpp">
			<Option target="core"/>
		</Unit>
		<Unit filename="/home/hp/c++/core/src/crypto/StrKey.h">
			<Option target="core"/>
		</Unit>
		<Unit filename="/home/hp/c++/core/src/database/Database.cpp">
			<Option target="core"/>
		</Unit>
		<Unit filename="/home/hp/c++/core/src/database/Database.h">
			<Option target="core"/>
		</Unit>
		<Unit filename="/home/hp/c++/core/src/database/DatabaseTests.cpp">
			<Option target="core"/>
		</Unit>
		<Unit filename="/home/hp/c++/core/src/database/Marshaler.cpp">
			<Option target="core"/>
		</Unit>
		<Unit filename="/home/hp/c++/core/src/database/Marshaler.h">
			<Option target="core"/>
		</Unit>
		<Unit filename="/home/hp/c++/core/src/herder/Herder.cpp">
			<Option target="core"/>
		</Unit>
		<Unit filename="/home/hp/c++/core/src/herder/Herder.h">
			<Option target="core"/>
		</Unit>
		<Unit filename="/home/hp/c++/core/src/herder/HerderImpl.cpp">
			<Option target="core"/>
		</Unit>
		<Unit filename="/home/hp/c++/core/src/herder/HerderImpl.h">
			<Option target="core"/>
		</Unit>
		<Unit filename="/home/hp/c++/core/src/herder/HerderTests.cpp">
			<Option target="core"/>
		</Unit>
		<Unit filename="/home/hp/c++/core/src/herder/LedgerCloseData.cpp">
			<Option target="core"/>
		</Unit>
		<Unit filename="/home/hp/c++/core/src/herder/LedgerCloseData.h">
			<Option target="core"/>
		</Unit>
		<Unit filename="/home/hp/c++/core/src/herder/PendingEnvelopes.cpp">
			<Option target="core"/>
		</Unit>
		<Unit filename="/home/hp/c++/core/src/herder/PendingEnvelopes.h">
			<Option target="core"/>
		</Unit>
		<Unit filename="/home/hp/c++/core/src/herder/TxSetFrame.cpp">
			<Option target="core"/>
		</Unit>
		<Unit filename="/home/hp/c++/core/src/herder/TxSetFrame.h">
			<Option target="core"/>
		</Unit>
		<Unit filename="/home/hp/c++/core/src/history/FileTransferInfo.cpp">
			<Option target="core"/>
		</Unit>
		<Unit filename="/home/hp/c++/core/src/history/FileTransferInfo.h">
			<Option target="core"/>
		</Unit>
		<Unit filename="/home/hp/c++/core/src/history/HistoryArchive.cpp">
			<Option target="core"/>
		</Unit>
		<Unit filename="/home/hp/c++/core/src/history/HistoryArchive.h">
			<Option target="core"/>
		</Unit>
		<Unit filename="/home/hp/c++/core/src/history/HistoryManager.h">
			<Option target="core"/>
		</Unit>
		<Unit filename="/home/hp/c++/core/src/history/HistoryManagerImpl.cpp">
			<Option target="core"/>
		</Unit>
		<Unit filename="/home/hp/c++/core/src/history/HistoryManagerImpl.h">
			<Option target="core"/>
		</Unit>
		<Unit filename="/home/hp/c++/core/src/history/HistoryTests.cpp">
			<Option target="core"/>
		</Unit>
		<Unit filename="/home/hp/c++/core/src/history/HistoryWork.cpp">
			<Option target="core"/>
		</Unit>
		<Unit filename="/home/hp/c++/core/src/history/HistoryWork.h">
			<Option target="core"/>
		</Unit>
		<Unit filename="/home/hp/c++/core/src/history/InferredQuorum.cpp">
			<Option target="core"/>
		</Unit>
		<Unit filename="/home/hp/c++/core/src/history/InferredQuorum.h">
			<Option target="core"/>
		</Unit>
		<Unit filename="/home/hp/c++/core/src/history/InferredQuorumTests.cpp">
			<Option target="core"/>
		</Unit>
		<Unit filename="/home/hp/c++/core/src/history/StateSnapshot.cpp">
			<Option target="core"/>
		</Unit>
		<Unit filename="/home/hp/c++/core/src/history/StateSnapshot.h">
			<Option target="core"/>
		</Unit>
		<Unit filename="/home/hp/c++/core/src/invariant/CacheIsConsistentWithDatabase.cpp">
			<Option target="core"/>
		</Unit>
		<Unit filename="/home/hp/c++/core/src/invariant/CacheIsConsistentWithDatabase.h">
			<Option target="core"/>
		</Unit>
		<Unit filename="/home/hp/c++/core/src/invariant/Invariant.cpp">
			<Option target="core"/>
		</Unit>
		<Unit filename="/home/hp/c++/core/src/invariant/Invariant.h">
			<Option target="core"/>
		</Unit>
		<Unit filename="/home/hp/c++/core/src/invariant/InvariantDoesNotHold.cpp">
			<Option target="core"/>
		</Unit>
		<Unit filename="/home/hp/c++/core/src/invariant/InvariantDoesNotHold.h">
			<Option target="core"/>
		</Unit>
		<Unit filename="/home/hp/c++/core/src/invariant/Invariants.cpp">
			<Option target="core"/>
		</Unit>
		<Unit filename="/home/hp/c++/core/src/invariant/Invariants.h">
			<Option target="core"/>
		</Unit>
		<Unit filename="/home/hp/c++/core/src/ledger/AccountFrame.cpp">
			<Option target="core"/>
		</Unit>
		<Unit filename="/home/hp/c++/core/src/ledger/AccountFrame.h">
			<Option target="core"/>
		</Unit>
		<Unit filename="/home/hp/c++/core/src/ledger/AccountHelper.cpp">
			<Option target="core"/>
		</Unit>
		<Unit filename="/home/hp/c++/core/src/ledger/AccountHelper.h">
			<Option target="core"/>
		</Unit>
		<Unit filename="/home/hp/c++/core/src/ledger/AccountKYCFrame.cpp">
			<Option target="core"/>
		</Unit>
		<Unit filename="/home/hp/c++/core/src/ledger/AccountKYCFrame.h">
			<Option target="core"/>
		</Unit>
		<Unit filename="/home/hp/c++/core/src/ledger/AccountKYCHelper.cpp">
			<Option target="core"/>
		</Unit>
		<Unit filename="/home/hp/c++/core/src/ledger/AccountKYCHelper.h">
			<Option target="core"/>
		</Unit>
		<Unit filename="/home/hp/c++/core/src/ledger/AccountLimitsFrame.cpp">
			<Option target="core"/>
		</Unit>
		<Unit filename="/home/hp/c++/core/src/ledger/AccountLimitsFrame.h">
			<Option target="core"/>
		</Unit>
		<Unit filename="/home/hp/c++/core/src/ledger/AccountLimitsHelper.cpp">
			<Option target="core"/>
		</Unit>
		<Unit filename="/home/hp/c++/core/src/ledger/AccountLimitsHelper.h">
			<Option target="core"/>
		</Unit>
		<Unit filename="/home/hp/c++/core/src/ledger/AccountRoleFrame.cpp">
			<Option target="core"/>
		</Unit>
		<Unit filename="/home/hp/c++/core/src/ledger/AccountRoleFrame.h">
			<Option target="core"/>
		</Unit>
		<Unit filename="/home/hp/c++/core/src/ledger/AccountRoleHelperImpl.cpp">
			<Option target="core"/>
		</Unit>
		<Unit filename="/home/hp/c++/core/src/ledger/AccountRoleHelperImpl.h">
			<Option target="core"/>
		</Unit>
		<Unit filename="/home/hp/c++/core/src/ledger/AccountRoleRulesHelper.cpp">
			<Option target="core"/>
		</Unit>
		<Unit filename="/home/hp/c++/core/src/ledger/AccountRoleRulesHelper.h">
			<Option target="core"/>
		</Unit>
		<Unit filename="/home/hp/c++/core/src/ledger/AccountRuleFrame.cpp">
			<Option target="core"/>
		</Unit>
		<Unit filename="/home/hp/c++/core/src/ledger/AccountRuleFrame.h">
			<Option target="core"/>
		</Unit>
		<Unit filename="/home/hp/c++/core/src/ledger/AccountRuleHelperImpl.cpp">
			<Option target="core"/>
		</Unit>
		<Unit filename="/home/hp/c++/core/src/ledger/AccountRuleHelperImpl.h">
			<Option target="core"/>
		</Unit>
		<Unit filename="/home/hp/c++/core/src/ledger/AccountTypeLimitsFrame.cpp">
			<Option target="core"/>
		</Unit>
		<Unit filename="/home/hp/c++/core/src/ledger/AccountTypeLimitsFrame.h">
			<Option target="core"/>
		</Unit>
		<Unit filename="/home/hp/c++/core/src/ledger/AccountTypeLimitsHelper.cpp">
			<Option target="core"/>
		</Unit>
		<Unit filename="/home/hp/c++/core/src/ledger/AccountTypeLimitsHelper.h">
			<Option target="core"/>
		</Unit>
		<Unit filename="/home/hp/c++/core/src/ledger/AssetFrame.cpp">
			<Option target="core"/>
		</Unit>
		<Unit filename="/home/hp/c++/core/src/ledger/AssetFrame.h">
			<Option target="core"/>
		</Unit>
		<Unit filename="/home/hp/c++/core/src/ledger/AssetHelperImpl.cpp">
			<Option target="core"/>
		</Unit>
		<Unit filename="/home/hp/c++/core/src/ledger/AssetHelperImpl.h">
			<Option target="core"/>
		</Unit>
		<Unit filename="/home/hp/c++/core/src/ledger/AssetHelperLegacy.cpp">
			<Option target="core"/>
		</Unit>
		<Unit filename="/home/hp/c++/core/src/ledger/AssetHelperLegacy.h">
			<Option target="core"/>
		</Unit>
		<Unit filename="/home/hp/c++/core/src/ledger/AssetPairFrame.cpp">
			<Option target="core"/>
		</Unit>
		<Unit filename="/home/hp/c++/core/src/ledger/AssetPairFrame.h">
			<Option target="core"/>
		</Unit>
		<Unit filename="/home/hp/c++/core/src/ledger/AssetPairHelper.cpp">
			<Option target="core"/>
		</Unit>
		<Unit filename="/home/hp/c++/core/src/ledger/AssetPairHelper.h">
			<Option target="core"/>
		</Unit>
		<Unit filename="/home/hp/c++/core/src/ledger/AtomicSwapBidFrame.cpp">
			<Option target="core"/>
		</Unit>
		<Unit filename="/home/hp/c++/core/src/ledger/AtomicSwapBidFrame.h">
			<Option target="core"/>
		</Unit>
		<Unit filename="/home/hp/c++/core/src/ledger/AtomicSwapBidHelper.cpp">
			<Option target="core"/>
		</Unit>
		<Unit filename="/home/hp/c++/core/src/ledger/AtomicSwapBidHelper.h">
			<Option target="core"/>
		</Unit>
		<Unit filename="/home/hp/c++/core/src/ledger/AtomicSwapBidQuoteAssetHelper.cpp">
			<Option target="core"/>
		</Unit>
		<Unit filename="/home/hp/c++/core/src/ledger/AtomicSwapBidQuoteAssetHelper.h">
			<Option target="core"/>
		</Unit>
		<Unit filename="/home/hp/c++/core/src/ledger/BalanceFrame.cpp">
			<Option target="core"/>
		</Unit>
		<Unit filename="/home/hp/c++/core/src/ledger/BalanceFrame.h">
			<Option target="core"/>
		</Unit>
		<Unit filename="/home/hp/c++/core/src/ledger/BalanceHelperImpl.cpp">
			<Option target="core"/>
		</Unit>
		<Unit filename="/home/hp/c++/core/src/ledger/BalanceHelperImpl.h">
			<Option target="core"/>
		</Unit>
		<Unit filename="/home/hp/c++/core/src/ledger/BalanceHelperLegacy.cpp">
			<Option target="core"/>
		</Unit>
		<Unit filename="/home/hp/c++/core/src/ledger/BalanceHelperLegacy.h">
			<Option target="core"/>
		</Unit>
		<Unit filename="/home/hp/c++/core/src/ledger/ContractFrame.cpp">
			<Option target="core"/>
		</Unit>
		<Unit filename="/home/hp/c++/core/src/ledger/ContractFrame.h">
			<Option target="core"/>
		</Unit>
		<Unit filename="/home/hp/c++/core/src/ledger/ContractHelper.cpp">
			<Option target="core"/>
		</Unit>
		<Unit filename="/home/hp/c++/core/src/ledger/ContractHelper.h">
			<Option target="core"/>
		</Unit>
		<Unit filename="/home/hp/c++/core/src/ledger/EntryFrame.cpp">
			<Option target="core"/>
		</Unit>
		<Unit filename="/home/hp/c++/core/src/ledger/EntryFrame.h">
			<Option target="core"/>
		</Unit>
		<Unit filename="/home/hp/c++/core/src/ledger/EntryHelper.cpp">
			<Option target="core"/>
		</Unit>
		<Unit filename="/home/hp/c++/core/src/ledger/EntryHelper.h">
			<Option target="core"/>
		</Unit>
		<Unit filename="/home/hp/c++/core/src/ledger/EntryHelperLegacy.cpp">
			<Option target="core"/>
		</Unit>
		<Unit filename="/home/hp/c++/core/src/ledger/EntryHelperLegacy.h">
			<Option target="core"/>
		</Unit>
		<Unit filename="/home/hp/c++/core/src/ledger/ExternalSystemAccountID.cpp">
			<Option target="core"/>
		</Unit>
		<Unit filename="/home/hp/c++/core/src/ledger/ExternalSystemAccountID.h">
			<Option target="core"/>
		</Unit>
		<Unit filename="/home/hp/c++/core/src/ledger/ExternalSystemAccountIDHelperImpl.cpp">
			<Option target="core"/>
		</Unit>
		<Unit filename="/home/hp/c++/core/src/ledger/ExternalSystemAccountIDHelperImpl.h">
			<Option target="core"/>
		</Unit>
		<Unit filename="/home/hp/c++/core/src/ledger/ExternalSystemAccountIDHelperLegacy.cpp">
			<Option target="core"/>
		</Unit>
		<Unit filename="/home/hp/c++/core/src/ledger/ExternalSystemAccountIDHelperLegacy.h">
			<Option target="core"/>
		</Unit>
		<Unit filename="/home/hp/c++/core/src/ledger/ExternalSystemAccountIDPoolEntry.cpp">
			<Option target="core"/>
		</Unit>
		<Unit filename="/home/hp/c++/core/src/ledger/ExternalSystemAccountIDPoolEntry.h">
			<Option target="core"/>
		</Unit>
		<Unit filename="/home/hp/c++/core/src/ledger/ExternalSystemAccountIDPoolEntryHelperImpl.cpp">
			<Option target="core"/>
		</Unit>
		<Unit filename="/home/hp/c++/core/src/ledger/ExternalSystemAccountIDPoolEntryHelperImpl.h">
			<Option target="core"/>
		</Unit>
		<Unit filename="/home/hp/c++/core/src/ledger/ExternalSystemAccountIDPoolEntryHelperLegacy.cpp">
			<Option target="core"/>
		</Unit>
		<Unit filename="/home/hp/c++/core/src/ledger/ExternalSystemAccountIDPoolEntryHelperLegacy.h">
			<Option target="core"/>
		</Unit>
		<Unit filename="/home/hp/c++/core/src/ledger/FeeFrame.cpp">
			<Option target="core"/>
		</Unit>
		<Unit filename="/home/hp/c++/core/src/ledger/FeeFrame.h">
			<Option target="core"/>
		</Unit>
		<Unit filename="/home/hp/c++/core/src/ledger/FeeHelper.cpp">
			<Option target="core"/>
		</Unit>
		<Unit filename="/home/hp/c++/core/src/ledger/FeeHelper.h">
			<Option target="core"/>
		</Unit>
		<Unit filename="/home/hp/c++/core/src/ledger/KeyValueEntryFrame.cpp">
			<Option target="core"/>
		</Unit>
		<Unit filename="/home/hp/c++/core/src/ledger/KeyValueEntryFrame.h">
			<Option target="core"/>
		</Unit>
		<Unit filename="/home/hp/c++/core/src/ledger/KeyValueHelperImpl.cpp">
			<Option target="core"/>
		</Unit>
		<Unit filename="/home/hp/c++/core/src/ledger/KeyValueHelperImpl.h">
			<Option target="core"/>
		</Unit>
		<Unit filename="/home/hp/c++/core/src/ledger/KeyValueHelperLegacy.cpp">
			<Option target="core"/>
		</Unit>
		<Unit filename="/home/hp/c++/core/src/ledger/KeyValueHelperLegacy.h">
			<Option target="core"/>
		</Unit>
		<Unit filename="/home/hp/c++/core/src/ledger/LedgerDeltaImpl.cpp">
			<Option target="core"/>
		</Unit>
		<Unit filename="/home/hp/c++/core/src/ledger/LedgerDeltaImpl.h">
			<Option target="core"/>
		</Unit>
		<Unit filename="/home/hp/c++/core/src/ledger/LedgerDeltaTests.cpp">
			<Option target="core"/>
		</Unit>
		<Unit filename="/home/hp/c++/core/src/ledger/LedgerEntryTests.cpp">
			<Option target="core"/>
		</Unit>
		<Unit filename="/home/hp/c++/core/src/ledger/LedgerHeaderFrame.cpp">
			<Option target="core"/>
		</Unit>
		<Unit filename="/home/hp/c++/core/src/ledger/LedgerHeaderFrame.h">
			<Option target="core"/>
		</Unit>
		<Unit filename="/home/hp/c++/core/src/ledger/LedgerHeaderFrameImpl.cpp">
			<Option target="core"/>
		</Unit>
		<Unit filename="/home/hp/c++/core/src/ledger/LedgerHeaderFrameImpl.h">
			<Option target="core"/>
		</Unit>
		<Unit filename="/home/hp/c++/core/src/ledger/LedgerHeaderTests.cpp">
			<Option target="core"/>
		</Unit>
		<Unit filename="/home/hp/c++/core/src/ledger/LedgerManager.h">
			<Option target="core"/>
		</Unit>
		<Unit filename="/home/hp/c++/core/src/ledger/LedgerManagerImpl.cpp">
			<Option target="core"/>
		</Unit>
		<Unit filename="/home/hp/c++/core/src/ledger/LedgerManagerImpl.h">
			<Option target="core"/>
		</Unit>
		<Unit filename="/home/hp/c++/core/src/ledger/LedgerPerformanceTests.cpp">
			<Option target="core"/>
		</Unit>
		<Unit filename="/home/hp/c++/core/src/ledger/LedgerTestUtils.cpp">
			<Option target="core"/>
		</Unit>
		<Unit filename="/home/hp/c++/core/src/ledger/LedgerTestUtils.h">
			<Option target="core"/>
		</Unit>
		<Unit filename="/home/hp/c++/core/src/ledger/LedgerTests.cpp">
			<Option target="core"/>
		</Unit>
		<Unit filename="/home/hp/c++/core/src/ledger/LimitsV2Frame.cpp">
			<Option target="core"/>
		</Unit>
		<Unit filename="/home/hp/c++/core/src/ledger/LimitsV2Frame.h">
			<Option target="core"/>
		</Unit>
		<Unit filename="/home/hp/c++/core/src/ledger/LimitsV2Helper.cpp">
			<Option target="core"/>
		</Unit>
		<Unit filename="/home/hp/c++/core/src/ledger/LimitsV2Helper.h">
			<Option target="core"/>
		</Unit>
		<Unit filename="/home/hp/c++/core/src/ledger/OfferFrame.cpp">
			<Option target="core"/>
		</Unit>
		<Unit filename="/home/hp/c++/core/src/ledger/OfferFrame.h">
			<Option target="core"/>
		</Unit>
		<Unit filename="/home/hp/c++/core/src/ledger/OfferHelper.cpp">
			<Option target="core"/>
		</Unit>
		<Unit filename="/home/hp/c++/core/src/ledger/OfferHelper.h">
			<Option target="core"/>
		</Unit>
		<Unit filename="/home/hp/c++/core/src/ledger/PendingStatisticsFrame.cpp">
			<Option target="core"/>
		</Unit>
		<Unit filename="/home/hp/c++/core/src/ledger/PendingStatisticsFrame.h">
			<Option target="core"/>
		</Unit>
		<Unit filename="/home/hp/c++/core/src/ledger/PendingStatisticsHelper.cpp">
			<Option target="core"/>
		</Unit>
		<Unit filename="/home/hp/c++/core/src/ledger/PendingStatisticsHelper.h">
			<Option target="core"/>
		</Unit>
		<Unit filename="/home/hp/c++/core/src/ledger/ReferenceFrame.cpp">
			<Option target="core"/>
		</Unit>
		<Unit filename="/home/hp/c++/core/src/ledger/ReferenceFrame.h">
			<Option target="core"/>
		</Unit>
		<Unit filename="/home/hp/c++/core/src/ledger/ReferenceHelper.cpp">
			<Option target="core"/>
		</Unit>
		<Unit filename="/home/hp/c++/core/src/ledger/ReferenceHelper.h">
			<Option target="core"/>
		</Unit>
		<Unit filename="/home/hp/c++/core/src/ledger/ReviewableRequestFrame.cpp">
			<Option target="core"/>
		</Unit>
		<Unit filename="/home/hp/c++/core/src/ledger/ReviewableRequestFrame.h">
			<Option target="core"/>
		</Unit>
		<Unit filename="/home/hp/c++/core/src/ledger/ReviewableRequestHelper.cpp">
			<Option target="core"/>
		</Unit>
		<Unit filename="/home/hp/c++/core/src/ledger/ReviewableRequestHelper.h">
			<Option target="core"/>
		</Unit>
		<Unit filename="/home/hp/c++/core/src/ledger/SaleFrame.cpp">
			<Option target="core"/>
		</Unit>
		<Unit filename="/home/hp/c++/core/src/ledger/SaleFrame.h">
			<Option target="core"/>
		</Unit>
		<Unit filename="/home/hp/c++/core/src/ledger/SaleHelper.cpp">
			<Option target="core"/>
		</Unit>
		<Unit filename="/home/hp/c++/core/src/ledger/SaleHelper.h">
			<Option target="core"/>
		</Unit>
		<Unit filename="/home/hp/c++/core/src/ledger/SaleQuoteAssetHelper.cpp">
			<Option target="core"/>
		</Unit>
		<Unit filename="/home/hp/c++/core/src/ledger/SaleQuoteAssetHelper.h">
			<Option target="core"/>
		</Unit>
		<Unit filename="/home/hp/c++/core/src/ledger/StatisticsFrame.cpp">
			<Option target="core"/>
		</Unit>
		<Unit filename="/home/hp/c++/core/src/ledger/StatisticsFrame.h">
			<Option target="core"/>
		</Unit>
		<Unit filename="/home/hp/c++/core/src/ledger/StatisticsHelper.cpp">
			<Option target="core"/>
		</Unit>
		<Unit filename="/home/hp/c++/core/src/ledger/StatisticsHelper.h">
			<Option target="core"/>
		</Unit>
		<Unit filename="/home/hp/c++/core/src/ledger/StatisticsTests.cpp">
			<Option target="core"/>
		</Unit>
		<Unit filename="/home/hp/c++/core/src/ledger/StatisticsV2Frame.cpp">
			<Option target="core"/>
		</Unit>
		<Unit filename="/home/hp/c++/core/src/ledger/StatisticsV2Frame.h">
			<Option target="core"/>
		</Unit>
		<Unit filename="/home/hp/c++/core/src/ledger/StatisticsV2Helper.cpp">
			<Option target="core"/>
		</Unit>
		<Unit filename="/home/hp/c++/core/src/ledger/StatisticsV2Helper.h">
			<Option target="core"/>
		</Unit>
		<Unit filename="/home/hp/c++/core/src/ledger/StorageHelperImpl.cpp">
			<Option target="core"/>
		</Unit>
		<Unit filename="/home/hp/c++/core/src/ledger/StorageHelperImpl.h">
			<Option target="core"/>
		</Unit>
		<Unit filename="/home/hp/c++/core/src/ledger/TrustFrame.cpp">
			<Option target="core"/>
		</Unit>
		<Unit filename="/home/hp/c++/core/src/ledger/TrustFrame.h">
			<Option target="core"/>
		</Unit>
		<Unit filename="/home/hp/c++/core/src/ledger/TrustHelper.cpp">
			<Option target="core"/>
		</Unit>
		<Unit filename="/home/hp/c++/core/src/ledger/TrustHelper.h">
			<Option target="core"/>
		</Unit>
		<Unit filename="/home/hp/c++/core/src/main/Application.cpp">
			<Option target="core"/>
		</Unit>
		<Unit filename="/home/hp/c++/core/src/main/Application.h">
			<Option target="core"/>
		</Unit>
		<Unit filename="/home/hp/c++/core/src/main/ApplicationImpl.cpp">
			<Option target="core"/>
		</Unit>
		<Unit filename="/home/hp/c++/core/src/main/ApplicationImpl.h">
			<Option target="core"/>
		</Unit>
		<Unit filename="/home/hp/c++/core/src/main/ApplicationTests.cpp">
			<Option target="core"/>
		</Unit>
		<Unit filename="/home/hp/c++/core/src/main/CommandHandler.cpp">
			<Option target="core"/>
		</Unit>
		<Unit filename="/home/hp/c++/core/src/main/CommandHandler.h">
			<Option target="core"/>
		</Unit>
		<Unit filename="/home/hp/c++/core/src/main/Config.cpp">
			<Option target="core"/>
		</Unit>
		<Unit filename="/home/hp/c++/core/src/main/Config.h">
			<Option target="core"/>
		</Unit>
		<Unit filename="/home/hp/c++/core/src/main/ExternalQueue.cpp">
			<Option target="core"/>
		</Unit>
		<Unit filename="/home/hp/c++/core/src/main/ExternalQueue.h">
			<Option target="core"/>
		</Unit>
		<Unit filename="/home/hp/c++/core/src/main/NtpSynchronizationChecker.cpp">
			<Option target="core"/>
		</Unit>
		<Unit filename="/home/hp/c++/core/src/main/NtpSynchronizationChecker.h">
			<Option target="core"/>
		</Unit>
		<Unit filename="/home/hp/c++/core/src/main/PersistentState.cpp">
			<Option target="core"/>
		</Unit>
		<Unit filename="/home/hp/c++/core/src/main/PersistentState.h">
			<Option target="core"/>
		</Unit>
		<Unit filename="/home/hp/c++/core/src/main/dumpxdr.cpp">
			<Option target="core"/>
		</Unit>
		<Unit filename="/home/hp/c++/core/src/main/dumpxdr.h">
			<Option target="core"/>
		</Unit>
		<Unit filename="/home/hp/c++/core/src/main/fuzz.cpp">
			<Option target="core"/>
		</Unit>
		<Unit filename="/home/hp/c++/core/src/main/fuzz.h">
			<Option target="core"/>
		</Unit>
		<Unit filename="/home/hp/c++/core/src/main/main.cpp">
			<Option target="core"/>
		</Unit>
		<Unit filename="/home/hp/c++/core/src/main/test.cpp">
			<Option target="core"/>
		</Unit>
		<Unit filename="/home/hp/c++/core/src/main/test.h">
			<Option target="core"/>
		</Unit>
		<Unit filename="/home/hp/c++/core/src/overlay/BanManager.h">
			<Option target="core"/>
		</Unit>
		<Unit filename="/home/hp/c++/core/src/overlay/BanManagerImpl.cpp">
			<Option target="core"/>
		</Unit>
		<Unit filename="/home/hp/c++/core/src/overlay/BanManagerImpl.h">
			<Option target="core"/>
		</Unit>
		<Unit filename="/home/hp/c++/core/src/overlay/FloodTests.cpp">
			<Option target="core"/>
		</Unit>
		<Unit filename="/home/hp/c++/core/src/overlay/Floodgate.cpp">
			<Option target="core"/>
		</Unit>
		<Unit filename="/home/hp/c++/core/src/overlay/Floodgate.h">
			<Option target="core"/>
		</Unit>
		<Unit filename="/home/hp/c++/core/src/overlay/ItemFetcher.cpp">
			<Option target="core"/>
		</Unit>
		<Unit filename="/home/hp/c++/core/src/overlay/ItemFetcher.h">
			<Option target="core"/>
		</Unit>
		<Unit filename="/home/hp/c++/core/src/overlay/ItemFetcherTests.cpp">
			<Option target="core"/>
		</Unit>
		<Unit filename="/home/hp/c++/core/src/overlay/LoadManager.cpp">
			<Option target="core"/>
		</Unit>
		<Unit filename="/home/hp/c++/core/src/overlay/LoadManager.h">
			<Option target="core"/>
		</Unit>
		<Unit filename="/home/hp/c++/core/src/overlay/LoopbackPeer.cpp">
			<Option target="core"/>
		</Unit>
		<Unit filename="/home/hp/c++/core/src/overlay/LoopbackPeer.h">
			<Option target="core"/>
		</Unit>
		<Unit filename="/home/hp/c++/core/src/overlay/OverlayManager.h">
			<Option target="core"/>
		</Unit>
		<Unit filename="/home/hp/c++/core/src/overlay/OverlayManagerImpl.cpp">
			<Option target="core"/>
		</Unit>
		<Unit filename="/home/hp/c++/core/src/overlay/OverlayManagerImpl.h">
			<Option target="core"/>
		</Unit>
		<Unit filename="/home/hp/c++/core/src/overlay/OverlayManagerTests.cpp">
			<Option target="core"/>
		</Unit>
		<Unit filename="/home/hp/c++/core/src/overlay/OverlayTests.cpp">
			<Option target="core"/>
		</Unit>
		<Unit filename="/home/hp/c++/core/src/overlay/Peer.cpp">
			<Option target="core"/>
		</Unit>
		<Unit filename="/home/hp/c++/core/src/overlay/Peer.h">
			<Option target="core"/>
		</Unit>
		<Unit filename="/home/hp/c++/core/src/overlay/PeerAuth.cpp">
			<Option target="core"/>
		</Unit>
		<Unit filename="/home/hp/c++/core/src/overlay/PeerAuth.h">
			<Option target="core"/>
		</Unit>
		<Unit filename="/home/hp/c++/core/src/overlay/PeerDoor.cpp">
			<Option target="core"/>
		</Unit>
		<Unit filename="/home/hp/c++/core/src/overlay/PeerDoor.h">
			<Option target="core"/>
		</Unit>
		<Unit filename="/home/hp/c++/core/src/overlay/PeerRecord.cpp">
			<Option target="core"/>
		</Unit>
		<Unit filename="/home/hp/c++/core/src/overlay/PeerRecord.h">
			<Option target="core"/>
		</Unit>
		<Unit filename="/home/hp/c++/core/src/overlay/PeerRecordTests.cpp">
			<Option target="core"/>
		</Unit>
		<Unit filename="/home/hp/c++/core/src/overlay/StellarXDR.h">
			<Option target="core"/>
		</Unit>
		<Unit filename="/home/hp/c++/core/src/overlay/TCPPeer.cpp">
			<Option target="core"/>
		</Unit>
		<Unit filename="/home/hp/c++/core/src/overlay/TCPPeer.h">
			<Option target="core"/>
		</Unit>
		<Unit filename="/home/hp/c++/core/src/overlay/TCPPeerTests.cpp">
			<Option target="core"/>
		</Unit>
		<Unit filename="/home/hp/c++/core/src/process/ProcessManager.h">
			<Option target="core"/>
		</Unit>
		<Unit filename="/home/hp/c++/core/src/process/ProcessManagerImpl.cpp">
			<Option target="core"/>
		</Unit>
		<Unit filename="/home/hp/c++/core/src/process/ProcessManagerImpl.h">
			<Option target="core"/>
		</Unit>
		<Unit filename="/home/hp/c++/core/src/process/ProcessTests.cpp">
			<Option target="core"/>
		</Unit>
		<Unit filename="/home/hp/c++/core/src/scp/BallotProtocol.cpp">
			<Option target="core"/>
		</Unit>
		<Unit filename="/home/hp/c++/core/src/scp/BallotProtocol.h">
			<Option target="core"/>
		</Unit>
		<Unit filename="/home/hp/c++/core/src/scp/LocalNode.cpp">
			<Option target="core"/>
		</Unit>
		<Unit filename="/home/hp/c++/core/src/scp/LocalNode.h">
			<Option target="core"/>
		</Unit>
		<Unit filename="/home/hp/c++/core/src/scp/NominationProtocol.cpp">
			<Option target="core"/>
		</Unit>
		<Unit filename="/home/hp/c++/core/src/scp/NominationProtocol.h">
			<Option target="core"/>
		</Unit>
		<Unit filename="/home/hp/c++/core/src/scp/SCP.cpp">
			<Option target="core"/>
		</Unit>
		<Unit filename="/home/hp/c++/core/src/scp/SCP.h">
			<Option target="core"/>
		</Unit>
		<Unit filename="/home/hp/c++/core/src/scp/SCPDriver.cpp">
			<Option target="core"/>
		</Unit>
		<Unit filename="/home/hp/c++/core/src/scp/SCPDriver.h">
			<Option target="core"/>
		</Unit>
		<Unit filename="/home/hp/c++/core/src/scp/SCPTests.cpp">
			<Option target="core"/>
		</Unit>
		<Unit filename="/home/hp/c++/core/src/scp/SCPUnitTests.cpp">
			<Option target="core"/>
		</Unit>
		<Unit filename="/home/hp/c++/core/src/scp/Slot.cpp">
			<Option target="core"/>
		</Unit>
		<Unit filename="/home/hp/c++/core/src/scp/Slot.h">
			<Option target="core"/>
		</Unit>
		<Unit filename="/home/hp/c++/core/src/simulation/CoreTests.cpp">
			<Option target="core"/>
		</Unit>
		<Unit filename="/home/hp/c++/core/src/simulation/LoadGenerator.cpp">
			<Option target="core"/>
		</Unit>
		<Unit filename="/home/hp/c++/core/src/simulation/LoadGenerator.h">
			<Option target="core"/>
		</Unit>
		<Unit filename="/home/hp/c++/core/src/simulation/Simulation.cpp">
			<Option target="core"/>
		</Unit>
		<Unit filename="/home/hp/c++/core/src/simulation/Simulation.h">
			<Option target="core"/>
		</Unit>
		<Unit filename="/home/hp/c++/core/src/simulation/Topologies.cpp">
			<Option target="core"/>
		</Unit>
		<Unit filename="/home/hp/c++/core/src/simulation/Topologies.h">
			<Option target="core"/>
		</Unit>
		<Unit filename="/home/hp/c++/core/src/test/test_marshaler.h">
			<Option target="core"/>
		</Unit>
		<Unit filename="/home/hp/c++/core/src/transactions/AccountManager.cpp">
			<Option target="core"/>
		</Unit>
		<Unit filename="/home/hp/c++/core/src/transactions/AccountManager.h">
			<Option target="core"/>
		</Unit>
		<Unit filename="/home/hp/c++/core/src/transactions/AccountRuleVerifier.h">
			<Option target="core"/>
		</Unit>
		<Unit filename="/home/hp/c++/core/src/transactions/AccountRuleVerifierImpl.cpp">
			<Option target="core"/>
		</Unit>
		<Unit filename="/home/hp/c++/core/src/transactions/AccountRuleVerifierImpl.h">
			<Option target="core"/>
		</Unit>
		<Unit filename="/home/hp/c++/core/src/transactions/BindExternalSystemAccountIdOpFrame.cpp">
			<Option target="core"/>
		</Unit>
		<Unit filename="/home/hp/c++/core/src/transactions/BindExternalSystemAccountIdOpFrame.h">
			<Option target="core"/>
		</Unit>
		<Unit filename="/home/hp/c++/core/src/transactions/CheckSaleStateOpFrame.cpp">
			<Option target="core"/>
		</Unit>
		<Unit filename="/home/hp/c++/core/src/transactions/CheckSaleStateOpFrame.h">
			<Option target="core"/>
		</Unit>
		<Unit filename="/home/hp/c++/core/src/transactions/CounterpartyDetails.h">
			<Option target="core"/>
		</Unit>
		<Unit filename="/home/hp/c++/core/src/transactions/CreateAMLAlertRequestOpFrame.cpp">
			<Option target="core"/>
		</Unit>
		<Unit filename="/home/hp/c++/core/src/transactions/CreateAMLAlertRequestOpFrame.h">
			<Option target="core"/>
		</Unit>
		<Unit filename="/home/hp/c++/core/src/transactions/CreateAccountOpFrame.cpp">
			<Option target="core"/>
		</Unit>
		<Unit filename="/home/hp/c++/core/src/transactions/CreateAccountOpFrame.h">
			<Option target="core"/>
		</Unit>
		<Unit filename="/home/hp/c++/core/src/transactions/CreateChangeRoleRequestOpFrame.cpp">
			<Option target="core"/>
		</Unit>
		<Unit filename="/home/hp/c++/core/src/transactions/CreateChangeRoleRequestOpFrame.h">
			<Option target="core"/>
		</Unit>
		<Unit filename="/home/hp/c++/core/src/transactions/CreateManageLimitsRequestOpFrame.cpp">
			<Option target="core"/>
		</Unit>
		<Unit filename="/home/hp/c++/core/src/transactions/CreateManageLimitsRequestOpFrame.h">
			<Option target="core"/>
		</Unit>
		<Unit filename="/home/hp/c++/core/src/transactions/CreateWithdrawalRequestOpFrame.cpp">
			<Option target="core"/>
		</Unit>
		<Unit filename="/home/hp/c++/core/src/transactions/CreateWithdrawalRequestOpFrame.h">
			<Option target="core"/>
		</Unit>
		<Unit filename="/home/hp/c++/core/src/transactions/FeesManager.cpp">
			<Option target="core"/>
		</Unit>
		<Unit filename="/home/hp/c++/core/src/transactions/FeesManager.h">
			<Option target="core"/>
		</Unit>
		<Unit filename="/home/hp/c++/core/src/transactions/ManageAccountOpFrame.cpp">
			<Option target="core"/>
		</Unit>
		<Unit filename="/home/hp/c++/core/src/transactions/ManageAccountOpFrame.h">
			<Option target="core"/>
		</Unit>
		<Unit filename="/home/hp/c++/core/src/transactions/ManageAccountRoleOpFrame.cpp">
			<Option target="core"/>
		</Unit>
		<Unit filename="/home/hp/c++/core/src/transactions/ManageAccountRoleOpFrame.h">
			<Option target="core"/>
		</Unit>
		<Unit filename="/home/hp/c++/core/src/transactions/ManageAccountRuleOpFrame.cpp">
			<Option target="core"/>
		</Unit>
		<Unit filename="/home/hp/c++/core/src/transactions/ManageAccountRuleOpFrame.h">
			<Option target="core"/>
		</Unit>
		<Unit filename="/home/hp/c++/core/src/transactions/ManageAssetPairOpFrame.cpp">
			<Option target="core"/>
		</Unit>
		<Unit filename="/home/hp/c++/core/src/transactions/ManageAssetPairOpFrame.h">
			<Option target="core"/>
		</Unit>
		<Unit filename="/home/hp/c++/core/src/transactions/ManageBalanceOpFrame.cpp">
			<Option target="core"/>
		</Unit>
		<Unit filename="/home/hp/c++/core/src/transactions/ManageBalanceOpFrame.h">
			<Option target="core"/>
		</Unit>
		<Unit filename="/home/hp/c++/core/src/transactions/ManageContractOpFrame.cpp">
			<Option target="core"/>
		</Unit>
		<Unit filename="/home/hp/c++/core/src/transactions/ManageContractOpFrame.h">
			<Option target="core"/>
		</Unit>
		<Unit filename="/home/hp/c++/core/src/transactions/ManageContractRequestOpFrame.cpp">
			<Option target="core"/>
		</Unit>
		<Unit filename="/home/hp/c++/core/src/transactions/ManageContractRequestOpFrame.h">
			<Option target="core"/>
		</Unit>
		<Unit filename="/home/hp/c++/core/src/transactions/ManageInvoiceRequestOpFrame.cpp">
			<Option target="core"/>
		</Unit>
		<Unit filename="/home/hp/c++/core/src/transactions/ManageInvoiceRequestOpFrame.h">
			<Option target="core"/>
		</Unit>
		<Unit filename="/home/hp/c++/core/src/transactions/ManageKeyValueOpFrame.cpp">
			<Option target="core"/>
		</Unit>
		<Unit filename="/home/hp/c++/core/src/transactions/ManageKeyValueOpFrame.h">
			<Option target="core"/>
		</Unit>
		<Unit filename="/home/hp/c++/core/src/transactions/ManageLimitsOpFrame.cpp">
			<Option target="core"/>
		</Unit>
		<Unit filename="/home/hp/c++/core/src/transactions/ManageLimitsOpFrame.h">
			<Option target="core"/>
		</Unit>
		<Unit filename="/home/hp/c++/core/src/transactions/OperationFrame.cpp">
			<Option target="core"/>
		</Unit>
		<Unit filename="/home/hp/c++/core/src/transactions/OperationFrame.h">
			<Option target="core"/>
		</Unit>
		<Unit filename="/home/hp/c++/core/src/transactions/PayoutOpFrame.cpp">
			<Option target="core"/>
		</Unit>
		<Unit filename="/home/hp/c++/core/src/transactions/PayoutOpFrame.h">
			<Option target="core"/>
		</Unit>
		<Unit filename="/home/hp/c++/core/src/transactions/RuleVerifier.cpp">
			<Option target="core"/>
		</Unit>
		<Unit filename="/home/hp/c++/core/src/transactions/RuleVerifier.h">
			<Option target="core"/>
		</Unit>
		<Unit filename="/home/hp/c++/core/src/transactions/SetFeesOpFrame.cpp">
			<Option target="core"/>
		</Unit>
		<Unit filename="/home/hp/c++/core/src/transactions/SetFeesOpFrame.h">
			<Option target="core"/>
		</Unit>
		<Unit filename="/home/hp/c++/core/src/transactions/SetOptionsOpFrame.cpp">
			<Option target="core"/>
		</Unit>
		<Unit filename="/home/hp/c++/core/src/transactions/SetOptionsOpFrame.h">
			<Option target="core"/>
		</Unit>
		<Unit filename="/home/hp/c++/core/src/transactions/SignatureValidatorImpl.cpp">
			<Option target="core"/>
		</Unit>
		<Unit filename="/home/hp/c++/core/src/transactions/SignatureValidatorImpl.h">
			<Option target="core"/>
		</Unit>
		<Unit filename="/home/hp/c++/core/src/transactions/SourceDetails.h">
			<Option target="core"/>
		</Unit>
		<Unit filename="/home/hp/c++/core/src/transactions/StatisticsV2Processor.cpp">
			<Option target="core"/>
		</Unit>
		<Unit filename="/home/hp/c++/core/src/transactions/StatisticsV2Processor.h">
			<Option target="core"/>
		</Unit>
		<Unit filename="/home/hp/c++/core/src/transactions/TransactionFrame.cpp">
			<Option target="core"/>
		</Unit>
		<Unit filename="/home/hp/c++/core/src/transactions/TransactionFrame.h">
			<Option target="core"/>
		</Unit>
		<Unit filename="/home/hp/c++/core/src/transactions/TransactionFrameImpl.cpp">
			<Option target="core"/>
		</Unit>
		<Unit filename="/home/hp/c++/core/src/transactions/TransactionFrameImpl.h">
			<Option target="core"/>
		</Unit>
		<Unit filename="/home/hp/c++/core/src/transactions/atomic_swap/CancelASwapBidOpFrame.cpp">
			<Option target="core"/>
		</Unit>
		<Unit filename="/home/hp/c++/core/src/transactions/atomic_swap/CancelASwapBidOpFrame.h">
			<Option target="core"/>
		</Unit>
		<Unit filename="/home/hp/c++/core/src/transactions/atomic_swap/CreateASwapBidCreationRequestOpFrame.cpp">
			<Option target="core"/>
		</Unit>
		<Unit filename="/home/hp/c++/core/src/transactions/atomic_swap/CreateASwapBidCreationRequestOpFrame.h">
			<Option target="core"/>
		</Unit>
		<Unit filename="/home/hp/c++/core/src/transactions/atomic_swap/CreateASwapRequestOpFrame.cpp">
			<Option target="core"/>
		</Unit>
		<Unit filename="/home/hp/c++/core/src/transactions/atomic_swap/CreateASwapRequestOpFrame.h">
			<Option target="core"/>
		</Unit>
		<Unit filename="/home/hp/c++/core/src/transactions/dex/CreateOfferOpFrame.cpp">
			<Option target="core"/>
		</Unit>
		<Unit filename="/home/hp/c++/core/src/transactions/dex/CreateOfferOpFrame.h">
			<Option target="core"/>
		</Unit>
		<Unit filename="/home/hp/c++/core/src/transactions/dex/CreateSaleParticipationOpFrame.cpp">
			<Option target="core"/>
		</Unit>
		<Unit filename="/home/hp/c++/core/src/transactions/dex/CreateSaleParticipationOpFrame.h">
			<Option target="core"/>
		</Unit>
		<Unit filename="/home/hp/c++/core/src/transactions/dex/DeleteOfferOpFrame.cpp">
			<Option target="core"/>
		</Unit>
		<Unit filename="/home/hp/c++/core/src/transactions/dex/DeleteOfferOpFrame.h">
			<Option target="core"/>
		</Unit>
		<Unit filename="/home/hp/c++/core/src/transactions/dex/DeleteSaleParticipationOpFrame.cpp">
			<Option target="core"/>
		</Unit>
		<Unit filename="/home/hp/c++/core/src/transactions/dex/DeleteSaleParticipationOpFrame.h">
			<Option target="core"/>
		</Unit>
		<Unit filename="/home/hp/c++/core/src/transactions/dex/ManageOfferOpFrame.cpp">
			<Option target="core"/>
		</Unit>
		<Unit filename="/home/hp/c++/core/src/transactions/dex/ManageOfferOpFrame.h">
			<Option target="core"/>
		</Unit>
		<Unit filename="/home/hp/c++/core/src/transactions/dex/ManageSaleOpFrame.cpp">
			<Option target="core"/>
		</Unit>
		<Unit filename="/home/hp/c++/core/src/transactions/dex/ManageSaleOpFrame.h">
			<Option target="core"/>
		</Unit>
		<Unit filename="/home/hp/c++/core/src/transactions/dex/OfferExchange.cpp">
			<Option target="core"/>
		</Unit>
		<Unit filename="/home/hp/c++/core/src/transactions/dex/OfferExchange.h">
			<Option target="core"/>
		</Unit>
		<Unit filename="/home/hp/c++/core/src/transactions/dex/OfferManager.cpp">
			<Option target="core"/>
		</Unit>
		<Unit filename="/home/hp/c++/core/src/transactions/dex/OfferManager.h">
			<Option target="core"/>
		</Unit>
		<Unit filename="/home/hp/c++/core/src/transactions/issuance/CreateIssuanceRequestOpFrame.cpp">
			<Option target="core"/>
		</Unit>
		<Unit filename="/home/hp/c++/core/src/transactions/issuance/CreateIssuanceRequestOpFrame.h">
			<Option target="core"/>
		</Unit>
		<Unit filename="/home/hp/c++/core/src/transactions/issuance/CreatePreIssuanceRequestOpFrame.cpp">
			<Option target="core"/>
		</Unit>
		<Unit filename="/home/hp/c++/core/src/transactions/issuance/CreatePreIssuanceRequestOpFrame.h">
			<Option target="core"/>
		</Unit>
		<Unit filename="/home/hp/c++/core/src/transactions/manage_asset/CancelAssetRequestOpFrame.cpp">
			<Option target="core"/>
		</Unit>
		<Unit filename="/home/hp/c++/core/src/transactions/manage_asset/CancelAssetRequestOpFrame.h">
			<Option target="core"/>
		</Unit>
		<Unit filename="/home/hp/c++/core/src/transactions/manage_asset/ChangeAssetMaxIssuanceOpFrame.cpp">
			<Option target="core"/>
		</Unit>
		<Unit filename="/home/hp/c++/core/src/transactions/manage_asset/ChangeAssetMaxIssuanceOpFrame.h">
			<Option target="core"/>
		</Unit>
		<Unit filename="/home/hp/c++/core/src/transactions/manage_asset/ChangeAssetPreIssuerOpFrame.cpp">
			<Option target="core"/>
		</Unit>
		<Unit filename="/home/hp/c++/core/src/transactions/manage_asset/ChangeAssetPreIssuerOpFrame.h">
			<Option target="core"/>
		</Unit>
		<Unit filename="/home/hp/c++/core/src/transactions/manage_asset/CreateAssetOpFrame.cpp">
			<Option target="core"/>
		</Unit>
		<Unit filename="/home/hp/c++/core/src/transactions/manage_asset/CreateAssetOpFrame.h">
			<Option target="core"/>
		</Unit>
		<Unit filename="/home/hp/c++/core/src/transactions/manage_asset/ManageAssetHelper.cpp">
			<Option target="core"/>
		</Unit>
		<Unit filename="/home/hp/c++/core/src/transactions/manage_asset/ManageAssetHelper.h">
			<Option target="core"/>
		</Unit>
		<Unit filename="/home/hp/c++/core/src/transactions/manage_asset/ManageAssetOpFrame.cpp">
			<Option target="core"/>
		</Unit>
		<Unit filename="/home/hp/c++/core/src/transactions/manage_asset/ManageAssetOpFrame.h">
			<Option target="core"/>
		</Unit>
		<Unit filename="/home/hp/c++/core/src/transactions/manage_asset/UpdateAssetOpFrame.cpp">
			<Option target="core"/>
		</Unit>
		<Unit filename="/home/hp/c++/core/src/transactions/manage_asset/UpdateAssetOpFrame.h">
			<Option target="core"/>
		</Unit>
		<Unit filename="/home/hp/c++/core/src/transactions/manage_external_system_account_id_pool/CreateExternalSystemAccountIDPoolEntryOpFrame.cpp">
			<Option target="core"/>
		</Unit>
		<Unit filename="/home/hp/c++/core/src/transactions/manage_external_system_account_id_pool/CreateExternalSystemAccountIDPoolEntryOpFrame.h">
			<Option target="core"/>
		</Unit>
		<Unit filename="/home/hp/c++/core/src/transactions/manage_external_system_account_id_pool/DeleteExternalSystemAccountIDPoolEntryOpFrame.cpp">
			<Option target="core"/>
		</Unit>
		<Unit filename="/home/hp/c++/core/src/transactions/manage_external_system_account_id_pool/DeleteExternalSystemAccountIDPoolEntryOpFrame.h">
			<Option target="core"/>
		</Unit>
		<Unit filename="/home/hp/c++/core/src/transactions/manage_external_system_account_id_pool/ManageExternalSystemAccountIDPoolEntryOpFrame.cpp">
			<Option target="core"/>
		</Unit>
		<Unit filename="/home/hp/c++/core/src/transactions/manage_external_system_account_id_pool/ManageExternalSystemAccountIDPoolEntryOpFrame.h">
			<Option target="core"/>
		</Unit>
		<Unit filename="/home/hp/c++/core/src/transactions/payment/PaymentOpV2Frame.cpp">
			<Option target="core"/>
		</Unit>
		<Unit filename="/home/hp/c++/core/src/transactions/payment/PaymentOpV2Frame.h">
			<Option target="core"/>
		</Unit>
		<Unit filename="/home/hp/c++/core/src/transactions/review_request/ReviewAMLAlertRequestOpFrame.cpp">
			<Option target="core"/>
		</Unit>
		<Unit filename="/home/hp/c++/core/src/transactions/review_request/ReviewAMLAlertRequestOpFrame.h">
			<Option target="core"/>
		</Unit>
		<Unit filename="/home/hp/c++/core/src/transactions/review_request/ReviewASwapBidCreationRequestOpFrame.cpp">
			<Option target="core"/>
		</Unit>
		<Unit filename="/home/hp/c++/core/src/transactions/review_request/ReviewASwapBidCreationRequestOpFrame.h">
			<Option target="core"/>
		</Unit>
		<Unit filename="/home/hp/c++/core/src/transactions/review_request/ReviewASwapRequestOpFrame.cpp">
			<Option target="core"/>
		</Unit>
		<Unit filename="/home/hp/c++/core/src/transactions/review_request/ReviewASwapRequestOpFrame.h">
			<Option target="core"/>
		</Unit>
		<Unit filename="/home/hp/c++/core/src/transactions/review_request/ReviewAssetCreationRequestOpFrame.cpp">
			<Option target="core"/>
		</Unit>
		<Unit filename="/home/hp/c++/core/src/transactions/review_request/ReviewAssetCreationRequestOpFrame.h">
			<Option target="core"/>
		</Unit>
		<Unit filename="/home/hp/c++/core/src/transactions/review_request/ReviewAssetUpdateRequestOpFrame.cpp">
			<Option target="core"/>
		</Unit>
		<Unit filename="/home/hp/c++/core/src/transactions/review_request/ReviewAssetUpdateRequestOpFrame.h">
			<Option target="core"/>
		</Unit>
		<Unit filename="/home/hp/c++/core/src/transactions/review_request/ReviewChangeRoleRequestOpFrame.cpp">
			<Option target="core"/>
		</Unit>
		<Unit filename="/home/hp/c++/core/src/transactions/review_request/ReviewChangeRoleRequestOpFrame.h">
			<Option target="core"/>
		</Unit>
		<Unit filename="/home/hp/c++/core/src/transactions/review_request/ReviewContractRequestOpFrame.cpp">
			<Option target="core"/>
		</Unit>
		<Unit filename="/home/hp/c++/core/src/transactions/review_request/ReviewContractRequestOpFrame.h">
			<Option target="core"/>
		</Unit>
		<Unit filename="/home/hp/c++/core/src/transactions/review_request/ReviewInvoiceRequestOpFrame.cpp">
			<Option target="core"/>
		</Unit>
		<Unit filename="/home/hp/c++/core/src/transactions/review_request/ReviewInvoiceRequestOpFrame.h">
			<Option target="core"/>
		</Unit>
		<Unit filename="/home/hp/c++/core/src/transactions/review_request/ReviewIssuanceCreationRequestOpFrame.cpp">
			<Option target="core"/>
		</Unit>
		<Unit filename="/home/hp/c++/core/src/transactions/review_request/ReviewIssuanceCreationRequestOpFrame.h">
			<Option target="core"/>
		</Unit>
		<Unit filename="/home/hp/c++/core/src/transactions/review_request/ReviewLimitsUpdateRequestOpFrame.cpp">
			<Option target="core"/>
		</Unit>
		<Unit filename="/home/hp/c++/core/src/transactions/review_request/ReviewLimitsUpdateRequestOpFrame.h">
			<Option target="core"/>
		</Unit>
		<Unit filename="/home/hp/c++/core/src/transactions/review_request/ReviewPreIssuanceCreationRequestOpFrame.cpp">
			<Option target="core"/>
		</Unit>
		<Unit filename="/home/hp/c++/core/src/transactions/review_request/ReviewPreIssuanceCreationRequestOpFrame.h">
			<Option target="core"/>
		</Unit>
		<Unit filename="/home/hp/c++/core/src/transactions/review_request/ReviewRequestHelper.cpp">
			<Option target="core"/>
		</Unit>
		<Unit filename="/home/hp/c++/core/src/transactions/review_request/ReviewRequestHelper.h">
			<Option target="core"/>
		</Unit>
		<Unit filename="/home/hp/c++/core/src/transactions/review_request/ReviewRequestOpFrame.cpp">
			<Option target="core"/>
		</Unit>
		<Unit filename="/home/hp/c++/core/src/transactions/review_request/ReviewRequestOpFrame.h">
			<Option target="core"/>
		</Unit>
		<Unit filename="/home/hp/c++/core/src/transactions/review_request/ReviewSaleCreationRequestOpFrame.cpp">
			<Option target="core"/>
		</Unit>
		<Unit filename="/home/hp/c++/core/src/transactions/review_request/ReviewSaleCreationRequestOpFrame.h">
			<Option target="core"/>
		</Unit>
		<Unit filename="/home/hp/c++/core/src/transactions/review_request/ReviewUpdateSaleDetailsRequestOpFrame.cpp">
			<Option target="core"/>
		</Unit>
		<Unit filename="/home/hp/c++/core/src/transactions/review_request/ReviewUpdateSaleDetailsRequestOpFrame.h">
			<Option target="core"/>
		</Unit>
		<Unit filename="/home/hp/c++/core/src/transactions/review_request/ReviewWithdrawalRequestOpFrame.cpp">
			<Option target="core"/>
		</Unit>
		<Unit filename="/home/hp/c++/core/src/transactions/review_request/ReviewWithdrawalRequestOpFrame.h">
			<Option target="core"/>
		</Unit>
		<Unit filename="/home/hp/c++/core/src/transactions/sale/CancelSaleCreationRequestOpFrame.cpp">
			<Option target="core"/>
		</Unit>
		<Unit filename="/home/hp/c++/core/src/transactions/sale/CancelSaleCreationRequestOpFrame.h">
			<Option target="core"/>
		</Unit>
		<Unit filename="/home/hp/c++/core/src/transactions/sale/CreateSaleCreationRequestOpFrame.cpp">
			<Option target="core"/>
		</Unit>
		<Unit filename="/home/hp/c++/core/src/transactions/sale/CreateSaleCreationRequestOpFrame.h">
			<Option target="core"/>
		</Unit>
		<Unit filename="/home/hp/c++/core/src/transactions/test/AccountManagerTests.cpp">
			<Option target="core"/>
		</Unit>
		<Unit filename="/home/hp/c++/core/src/transactions/test/AccountRoleTests.cpp">
			<Option target="core"/>
		</Unit>
		<Unit filename="/home/hp/c++/core/src/transactions/test/AccountRuleTests.cpp">
			<Option target="core"/>
		</Unit>
		<Unit filename="/home/hp/c++/core/src/transactions/test/AmlAlertTests.cpp">
			<Option target="core"/>
		</Unit>
		<Unit filename="/home/hp/c++/core/src/transactions/test/AtomicSwapTests.cpp">
			<Option target="core"/>
		</Unit>
		<Unit filename="/home/hp/c++/core/src/transactions/test/AuthorizePreIssuedAssetTests.cpp">
			<Option target="core"/>
		</Unit>
		<Unit filename="/home/hp/c++/core/src/transactions/test/BindExternalSystemAccountIdTests.cpp">
			<Option target="core"/>
		</Unit>
		<Unit filename="/home/hp/c++/core/src/transactions/test/CreateAccountTests.cpp">
			<Option target="core"/>
		</Unit>
		<Unit filename="/home/hp/c++/core/src/transactions/test/CreateChangeRoleRequestTest.cpp">
			<Option target="core"/>
		</Unit>
		<Unit filename="/home/hp/c++/core/src/transactions/test/CrowdfundTests.cpp">
			<Option target="core"/>
		</Unit>
		<Unit filename="/home/hp/c++/core/src/transactions/test/FixedPriceSaleTests.cpp">
			<Option target="core"/>
		</Unit>
		<Unit filename="/home/hp/c++/core/src/transactions/test/FlexibleFeesTests.cpp">
			<Option target="core"/>
		</Unit>
		<Unit filename="/home/hp/c++/core/src/transactions/test/IssuanceTest.cpp">
			<Option target="core"/>
		</Unit>
		<Unit filename="/home/hp/c++/core/src/transactions/test/KVLimitsTest.cpp">
			<Option target="core"/>
		</Unit>
		<Unit filename="/home/hp/c++/core/src/transactions/test/LimitsUpdateTests.cpp">
			<Option target="core"/>
		</Unit>
		<Unit filename="/home/hp/c++/core/src/transactions/test/ManageAccountTests.cpp">
			<Option target="core"/>
		</Unit>
		<Unit filename="/home/hp/c++/core/src/transactions/test/ManageAssetPairTests.cpp">
			<Option target="core"/>
		</Unit>
		<Unit filename="/home/hp/c++/core/src/transactions/test/ManageAssetTests.cpp">
			<Option target="core"/>
		</Unit>
		<Unit filename="/home/hp/c++/core/src/transactions/test/ManageBalanceTests.cpp">
			<Option target="core"/>
		</Unit>
		<Unit filename="/home/hp/c++/core/src/transactions/test/ManageExternalSystemAccountIDPoolEntryTests.cpp">
			<Option target="core"/>
		</Unit>
		<Unit filename="/home/hp/c++/core/src/transactions/test/ManageKeyValueTests.cpp">
			<Option target="core"/>
		</Unit>
		<Unit filename="/home/hp/c++/core/src/transactions/test/ManageLimitsV2Tests.cpp">
			<Option target="core"/>
		</Unit>
		<Unit filename="/home/hp/c++/core/src/transactions/test/OfferTests.cpp">
			<Option target="core"/>
		</Unit>
		<Unit filename="/home/hp/c++/core/src/transactions/test/PaymentV2Tests.cpp">
			<Option target="core"/>
		</Unit>
		<Unit filename="/home/hp/c++/core/src/transactions/test/PayoutTests.cpp">
			<Option target="core"/>
		</Unit>
		<Unit filename="/home/hp/c++/core/src/transactions/test/SaleTests.cpp">
			<Option target="core"/>
		</Unit>
		<Unit filename="/home/hp/c++/core/src/transactions/test/SetFeesTests.cpp">
			<Option target="core"/>
		</Unit>
		<Unit filename="/home/hp/c++/core/src/transactions/test/SetOptionsTests.cpp">
			<Option target="core"/>
		</Unit>
		<Unit filename="/home/hp/c++/core/src/transactions/test/StatisticsV2Tests.cpp">
			<Option target="core"/>
		</Unit>
		<Unit filename="/home/hp/c++/core/src/transactions/test/TxTests.cpp">
			<Option target="core"/>
		</Unit>
		<Unit filename="/home/hp/c++/core/src/transactions/test/TxTests.h">
			<Option target="core"/>
		</Unit>
		<Unit filename="/home/hp/c++/core/src/transactions/test/WithdrawalTests.cpp">
			<Option target="core"/>
		</Unit>
		<Unit filename="/home/hp/c++/core/src/transactions/test/test_helper/Account.h">
			<Option target="core"/>
		</Unit>
		<Unit filename="/home/hp/c++/core/src/transactions/test/test_helper/BindExternalSystemAccountIdTestHelper.cpp">
			<Option target="core"/>
		</Unit>
		<Unit filename="/home/hp/c++/core/src/transactions/test/test_helper/BindExternalSystemAccountIdTestHelper.h">
			<Option target="core"/>
		</Unit>
		<Unit filename="/home/hp/c++/core/src/transactions/test/test_helper/CancelASwapBidTestHelper.cpp">
			<Option target="core"/>
		</Unit>
		<Unit filename="/home/hp/c++/core/src/transactions/test/test_helper/CancelASwapBidTestHelper.h">
			<Option target="core"/>
		</Unit>
		<Unit filename="/home/hp/c++/core/src/transactions/test/test_helper/CheckSaleStateTestHelper.cpp">
			<Option target="core"/>
		</Unit>
		<Unit filename="/home/hp/c++/core/src/transactions/test/test_helper/CheckSaleStateTestHelper.h">
			<Option target="core"/>
		</Unit>
		<Unit filename="/home/hp/c++/core/src/transactions/test/test_helper/CreateASwapBidCreationRequestTestHelper.cpp">
			<Option target="core"/>
		</Unit>
		<Unit filename="/home/hp/c++/core/src/transactions/test/test_helper/CreateASwapBidCreationRequestTestHelper.h">
			<Option target="core"/>
		</Unit>
		<Unit filename="/home/hp/c++/core/src/transactions/test/test_helper/CreateASwapReviewableRequestTestHelper.cpp">
			<Option target="core"/>
		</Unit>
		<Unit filename="/home/hp/c++/core/src/transactions/test/test_helper/CreateASwapReviewableRequestTestHelper.h">
			<Option target="core"/>
		</Unit>
		<Unit filename="/home/hp/c++/core/src/transactions/test/test_helper/CreateAccountTestHelper.cpp">
			<Option target="core"/>
		</Unit>
		<Unit filename="/home/hp/c++/core/src/transactions/test/test_helper/CreateAccountTestHelper.h">
			<Option target="core"/>
		</Unit>
		<Unit filename="/home/hp/c++/core/src/transactions/test/test_helper/CreateChangeRoleRequestTestHelper.cpp">
			<Option target="core"/>
		</Unit>
		<Unit filename="/home/hp/c++/core/src/transactions/test/test_helper/CreateChangeRoleRequestTestHelper.h">
			<Option target="core"/>
		</Unit>
		<Unit filename="/home/hp/c++/core/src/transactions/test/test_helper/IssuanceRequestHelper.cpp">
			<Option target="core"/>
		</Unit>
		<Unit filename="/home/hp/c++/core/src/transactions/test/test_helper/IssuanceRequestHelper.h">
			<Option target="core"/>
		</Unit>
		<Unit filename="/home/hp/c++/core/src/transactions/test/test_helper/LimitsUpdateRequestHelper.cpp">
			<Option target="core"/>
		</Unit>
		<Unit filename="/home/hp/c++/core/src/transactions/test/test_helper/LimitsUpdateRequestHelper.h">
			<Option target="core"/>
		</Unit>
		<Unit filename="/home/hp/c++/core/src/transactions/test/test_helper/ManageAMLAlertTestHelper.cpp">
			<Option target="core"/>
		</Unit>
		<Unit filename="/home/hp/c++/core/src/transactions/test/test_helper/ManageAMLAlertTestHelper.h">
			<Option target="core"/>
		</Unit>
		<Unit filename="/home/hp/c++/core/src/transactions/test/test_helper/ManageAccountRoleTestHelper.cpp">
			<Option target="core"/>
		</Unit>
		<Unit filename="/home/hp/c++/core/src/transactions/test/test_helper/ManageAccountRoleTestHelper.h">
			<Option target="core"/>
		</Unit>
		<Unit filename="/home/hp/c++/core/src/transactions/test/test_helper/ManageAccountRuleTestHelper.cpp">
			<Option target="core"/>
		</Unit>
		<Unit filename="/home/hp/c++/core/src/transactions/test/test_helper/ManageAccountRuleTestHelper.h">
			<Option target="core"/>
		</Unit>
		<Unit filename="/home/hp/c++/core/src/transactions/test/test_helper/ManageAccountTestHelper.cpp">
			<Option target="core"/>
		</Unit>
		<Unit filename="/home/hp/c++/core/src/transactions/test/test_helper/ManageAccountTestHelper.h">
			<Option target="core"/>
		</Unit>
		<Unit filename="/home/hp/c++/core/src/transactions/test/test_helper/ManageAssetPairTestHelper.cpp">
			<Option target="core"/>
		</Unit>
		<Unit filename="/home/hp/c++/core/src/transactions/test/test_helper/ManageAssetPairTestHelper.h">
			<Option target="core"/>
		</Unit>
		<Unit filename="/home/hp/c++/core/src/transactions/test/test_helper/ManageAssetTestHelper.cpp">
			<Option target="core"/>
		</Unit>
		<Unit filename="/home/hp/c++/core/src/transactions/test/test_helper/ManageAssetTestHelper.h">
			<Option target="core"/>
		</Unit>
		<Unit filename="/home/hp/c++/core/src/transactions/test/test_helper/ManageBalanceTestHelper.cpp">
			<Option target="core"/>
		</Unit>
		<Unit filename="/home/hp/c++/core/src/transactions/test/test_helper/ManageBalanceTestHelper.h">
			<Option target="core"/>
		</Unit>
		<Unit filename="/home/hp/c++/core/src/transactions/test/test_helper/ManageContractRequestTestHelper.cpp">
			<Option target="core"/>
		</Unit>
		<Unit filename="/home/hp/c++/core/src/transactions/test/test_helper/ManageContractRequestTestHelper.h">
			<Option target="core"/>
		</Unit>
		<Unit filename="/home/hp/c++/core/src/transactions/test/test_helper/ManageContractTestHelper.cpp">
			<Option target="core"/>
		</Unit>
		<Unit filename="/home/hp/c++/core/src/transactions/test/test_helper/ManageContractTestHelper.h">
			<Option target="core"/>
		</Unit>
		<Unit filename="/home/hp/c++/core/src/transactions/test/test_helper/ManageExternalSystemAccountIDPoolEntryTestHelper.cpp">
			<Option target="core"/>
		</Unit>
		<Unit filename="/home/hp/c++/core/src/transactions/test/test_helper/ManageExternalSystemAccountIDPoolEntryTestHelper.h">
			<Option target="core"/>
		</Unit>
		<Unit filename="/home/hp/c++/core/src/transactions/test/test_helper/ManageInvoiceRequestTestHelper.cpp">
			<Option target="core"/>
		</Unit>
		<Unit filename="/home/hp/c++/core/src/transactions/test/test_helper/ManageInvoiceRequestTestHelper.h">
			<Option target="core"/>
		</Unit>
		<Unit filename="/home/hp/c++/core/src/transactions/test/test_helper/ManageKeyValueTestHelper.cpp">
			<Option target="core"/>
		</Unit>
		<Unit filename="/home/hp/c++/core/src/transactions/test/test_helper/ManageKeyValueTestHelper.h">
			<Option target="core"/>
		</Unit>
		<Unit filename="/home/hp/c++/core/src/transactions/test/test_helper/ManageLimitsTestHelper.cpp">
			<Option target="core"/>
		</Unit>
		<Unit filename="/home/hp/c++/core/src/transactions/test/test_helper/ManageLimitsTestHelper.h">
			<Option target="core"/>
		</Unit>
		<Unit filename="/home/hp/c++/core/src/transactions/test/test_helper/ManageOfferTestHelper.cpp">
			<Option target="core"/>
		</Unit>
		<Unit filename="/home/hp/c++/core/src/transactions/test/test_helper/ManageOfferTestHelper.h">
			<Option target="core"/>
		</Unit>
		<Unit filename="/home/hp/c++/core/src/transactions/test/test_helper/ManageSaleTestHelper.cpp">
			<Option target="core"/>
		</Unit>
		<Unit filename="/home/hp/c++/core/src/transactions/test/test_helper/ManageSaleTestHelper.h">
			<Option target="core"/>
		</Unit>
		<Unit filename="/home/hp/c++/core/src/transactions/test/test_helper/ParticipateInSaleTestHelper.cpp">
			<Option target="core"/>
		</Unit>
		<Unit filename="/home/hp/c++/core/src/transactions/test/test_helper/ParticipateInSaleTestHelper.h">
			<Option target="core"/>
		</Unit>
		<Unit filename="/home/hp/c++/core/src/transactions/test/test_helper/PaymentV2TestHelper.cpp">
			<Option target="core"/>
		</Unit>
		<Unit filename="/home/hp/c++/core/src/transactions/test/test_helper/PaymentV2TestHelper.h">
			<Option target="core"/>
		</Unit>
		<Unit filename="/home/hp/c++/core/src/transactions/test/test_helper/PayoutTestHelper.cpp">
			<Option target="core"/>
		</Unit>
		<Unit filename="/home/hp/c++/core/src/transactions/test/test_helper/PayoutTestHelper.h">
			<Option target="core"/>
		</Unit>
		<Unit filename="/home/hp/c++/core/src/transactions/test/test_helper/ReviewAMLAlertRequestHelper.cpp">
			<Option target="core"/>
		</Unit>
		<Unit filename="/home/hp/c++/core/src/transactions/test/test_helper/ReviewAMLAlertRequestHelper.h">
			<Option target="core"/>
		</Unit>
		<Unit filename="/home/hp/c++/core/src/transactions/test/test_helper/ReviewASwapBidCreationRequestTestHelper.cpp">
			<Option target="core"/>
		</Unit>
		<Unit filename="/home/hp/c++/core/src/transactions/test/test_helper/ReviewASwapBidCreationRequestTestHelper.h">
			<Option target="core"/>
		</Unit>
		<Unit filename="/home/hp/c++/core/src/transactions/test/test_helper/ReviewAssetRequestHelper.cpp">
			<Option target="core"/>
		</Unit>
		<Unit filename="/home/hp/c++/core/src/transactions/test/test_helper/ReviewAssetRequestHelper.h">
			<Option target="core"/>
		</Unit>
		<Unit filename="/home/hp/c++/core/src/transactions/test/test_helper/ReviewAswapRequestTestHelper.cpp">
			<Option target="core"/>
		</Unit>
		<Unit filename="/home/hp/c++/core/src/transactions/test/test_helper/ReviewAswapRequestTestHelper.h">
			<Option target="core"/>
		</Unit>
		<Unit filename="/home/hp/c++/core/src/transactions/test/test_helper/ReviewChangeRoleRequestHelper.cpp">
			<Option target="core"/>
		</Unit>
		<Unit filename="/home/hp/c++/core/src/transactions/test/test_helper/ReviewChangeRoleRequestHelper.h">
			<Option target="core"/>
		</Unit>
		<Unit filename="/home/hp/c++/core/src/transactions/test/test_helper/ReviewContractRequestHelper.cpp">
			<Option target="core"/>
		</Unit>
		<Unit filename="/home/hp/c++/core/src/transactions/test/test_helper/ReviewContractRequestHelper.h">
			<Option target="core"/>
		</Unit>
		<Unit filename="/home/hp/c++/core/src/transactions/test/test_helper/ReviewInvoiceRequestHelper.cpp">
			<Option target="core"/>
		</Unit>
		<Unit filename="/home/hp/c++/core/src/transactions/test/test_helper/ReviewInvoiceRequestHelper.h">
			<Option target="core"/>
		</Unit>
		<Unit filename="/home/hp/c++/core/src/transactions/test/test_helper/ReviewIssuanceRequestHelper.cpp">
			<Option target="core"/>
		</Unit>
		<Unit filename="/home/hp/c++/core/src/transactions/test/test_helper/ReviewIssuanceRequestHelper.h">
			<Option target="core"/>
		</Unit>
		<Unit filename="/home/hp/c++/core/src/transactions/test/test_helper/ReviewLimitsUpdateRequestHelper.cpp">
			<Option target="core"/>
		</Unit>
		<Unit filename="/home/hp/c++/core/src/transactions/test/test_helper/ReviewLimitsUpdateRequestHelper.h">
			<Option target="core"/>
		</Unit>
		<Unit filename="/home/hp/c++/core/src/transactions/test/test_helper/ReviewPreIssuanceRequestHelper.cpp">
			<Option target="core"/>
		</Unit>
		<Unit filename="/home/hp/c++/core/src/transactions/test/test_helper/ReviewPreIssuanceRequestHelper.h">
			<Option target="core"/>
		</Unit>
		<Unit filename="/home/hp/c++/core/src/transactions/test/test_helper/ReviewRequestTestHelper.cpp">
			<Option target="core"/>
		</Unit>
		<Unit filename="/home/hp/c++/core/src/transactions/test/test_helper/ReviewRequestTestHelper.h">
			<Option target="core"/>
		</Unit>
		<Unit filename="/home/hp/c++/core/src/transactions/test/test_helper/ReviewSaleRequestHelper.cpp">
			<Option target="core"/>
		</Unit>
		<Unit filename="/home/hp/c++/core/src/transactions/test/test_helper/ReviewSaleRequestHelper.h">
			<Option target="core"/>
		</Unit>
		<Unit filename="/home/hp/c++/core/src/transactions/test/test_helper/ReviewUpdateSaleDetailsRequestHelper.cpp">
			<Option target="core"/>
		</Unit>
		<Unit filename="/home/hp/c++/core/src/transactions/test/test_helper/ReviewUpdateSaleDetailsRequestHelper.h">
			<Option target="core"/>
		</Unit>
		<Unit filename="/home/hp/c++/core/src/transactions/test/test_helper/ReviewWithdrawalRequestHelper.cpp">
			<Option target="core"/>
		</Unit>
		<Unit filename="/home/hp/c++/core/src/transactions/test/test_helper/ReviewWithdrawalRequestHelper.h">
			<Option target="core"/>
		</Unit>
		<Unit filename="/home/hp/c++/core/src/transactions/test/test_helper/SaleRequestHelper.cpp">
			<Option target="core"/>
		</Unit>
		<Unit filename="/home/hp/c++/core/src/transactions/test/test_helper/SaleRequestHelper.h">
			<Option target="core"/>
		</Unit>
		<Unit filename="/home/hp/c++/core/src/transactions/test/test_helper/SetFeesTestHelper.cpp">
			<Option target="core"/>
		</Unit>
		<Unit filename="/home/hp/c++/core/src/transactions/test/test_helper/SetFeesTestHelper.h">
			<Option target="core"/>
		</Unit>
		<Unit filename="/home/hp/c++/core/src/transactions/test/test_helper/SetOptionsTestHelper.cpp">
			<Option target="core"/>
		</Unit>
		<Unit filename="/home/hp/c++/core/src/transactions/test/test_helper/SetOptionsTestHelper.h">
			<Option target="core"/>
		</Unit>
		<Unit filename="/home/hp/c++/core/src/transactions/test/test_helper/StateBeforeTxHelper.cpp">
			<Option target="core"/>
		</Unit>
		<Unit filename="/home/hp/c++/core/src/transactions/test/test_helper/StateBeforeTxHelper.h">
			<Option target="core"/>
		</Unit>
		<Unit filename="/home/hp/c++/core/src/transactions/test/test_helper/TestManager.cpp">
			<Option target="core"/>
		</Unit>
		<Unit filename="/home/hp/c++/core/src/transactions/test/test_helper/TestManager.h">
			<Option target="core"/>
		</Unit>
		<Unit filename="/home/hp/c++/core/src/transactions/test/test_helper/TxHelper.cpp">
			<Option target="core"/>
		</Unit>
		<Unit filename="/home/hp/c++/core/src/transactions/test/test_helper/TxHelper.h">
			<Option target="core"/>
		</Unit>
		<Unit filename="/home/hp/c++/core/src/transactions/test/test_helper/WithdrawRequestHelper.cpp">
			<Option target="core"/>
		</Unit>
		<Unit filename="/home/hp/c++/core/src/transactions/test/test_helper/WithdrawRequestHelper.h">
			<Option target="core"/>
		</Unit>
		<Unit filename="/home/hp/c++/core/src/transactions/test/unit/BindExternalSystemAccountIdUnitTests.cpp">
			<Option target="core"/>
		</Unit>
		<Unit filename="/home/hp/c++/core/src/transactions/test/unit/PayoutUnitTests.cpp">
			<Option target="core"/>
		</Unit>
		<Unit filename="/home/hp/c++/core/src/util/BitsetEnumerator.cpp">
			<Option target="core"/>
		</Unit>
		<Unit filename="/home/hp/c++/core/src/util/BitsetEnumerator.h">
			<Option target="core"/>
		</Unit>
		<Unit filename="/home/hp/c++/core/src/util/BitsetEnumeratorTests.cpp">
			<Option target="core"/>
		</Unit>
		<Unit filename="/home/hp/c++/core/src/util/Fs.cpp">
			<Option target="core"/>
		</Unit>
		<Unit filename="/home/hp/c++/core/src/util/Fs.h">
			<Option target="core"/>
		</Unit>
		<Unit filename="/home/hp/c++/core/src/util/GlobalChecks.cpp">
			<Option target="core"/>
		</Unit>
		<Unit filename="/home/hp/c++/core/src/util/GlobalChecks.h">
			<Option target="core"/>
		</Unit>
		<Unit filename="/home/hp/c++/core/src/util/HashOfHash.cpp">
			<Option target="core"/>
		</Unit>
		<Unit filename="/home/hp/c++/core/src/util/HashOfHash.h">
			<Option target="core"/>
		</Unit>
		<Unit filename="/home/hp/c++/core/src/util/Logging.cpp">
			<Option target="core"/>
		</Unit>
		<Unit filename="/home/hp/c++/core/src/util/Logging.h">
			<Option target="core"/>
		</Unit>
		<Unit filename="/home/hp/c++/core/src/util/Math.cpp">
			<Option target="core"/>
		</Unit>
		<Unit filename="/home/hp/c++/core/src/util/Math.h">
			<Option target="core"/>
		</Unit>
		<Unit filename="/home/hp/c++/core/src/util/NonCopyable.h">
			<Option target="core"/>
		</Unit>
		<Unit filename="/home/hp/c++/core/src/util/NtpClient.cpp">
			<Option target="core"/>
		</Unit>
		<Unit filename="/home/hp/c++/core/src/util/NtpClient.h">
			<Option target="core"/>
		</Unit>
		<Unit filename="/home/hp/c++/core/src/util/NtpWork.cpp">
			<Option target="core"/>
		</Unit>
		<Unit filename="/home/hp/c++/core/src/util/NtpWork.h">
			<Option target="core"/>
		</Unit>
		<Unit filename="/home/hp/c++/core/src/util/StatusManager.cpp">
			<Option target="core"/>
		</Unit>
		<Unit filename="/home/hp/c++/core/src/util/StatusManager.h">
			<Option target="core"/>
		</Unit>
		<Unit filename="/home/hp/c++/core/src/util/StatusManagerTest.cpp">
			<Option target="core"/>
		</Unit>
		<Unit filename="/home/hp/c++/core/src/util/Timer.cpp">
			<Option target="core"/>
		</Unit>
		<Unit filename="/home/hp/c++/core/src/util/Timer.h">
			<Option target="core"/>
		</Unit>
		<Unit filename="/home/hp/c++/core/src/util/TimerTests.cpp">
			<Option target="core"/>
		</Unit>
		<Unit filename="/home/hp/c++/core/src/util/TmpDir.cpp">
			<Option target="core"/>
		</Unit>
		<Unit filename="/home/hp/c++/core/src/util/TmpDir.h">
			<Option target="core"/>
		</Unit>
		<Unit filename="/home/hp/c++/core/src/util/Uint128Tests.cpp">
			<Option target="core"/>
		</Unit>
		<Unit filename="/home/hp/c++/core/src/util/ValidJsonTests.cpp">
			<Option target="core"/>
		</Unit>
		<Unit filename="/home/hp/c++/core/src/util/XDRStream.h">
			<Option target="core"/>
		</Unit>
		<Unit filename="/home/hp/c++/core/src/util/asio.h">
			<Option target="core"/>
		</Unit>
		<Unit filename="/home/hp/c++/core/src/util/make_unique.h">
			<Option target="core"/>
		</Unit>
		<Unit filename="/home/hp/c++/core/src/util/must_use.h">
			<Option target="core"/>
		</Unit>
		<Unit filename="/home/hp/c++/core/src/util/optional.h">
			<Option target="core"/>
		</Unit>
		<Unit filename="/home/hp/c++/core/src/util/types.cpp">
			<Option target="core"/>
		</Unit>
		<Unit filename="/home/hp/c++/core/src/util/types.h">
			<Option target="core"/>
		</Unit>
		<Unit filename="/home/hp/c++/core/src/work/Work.cpp">
			<Option target="core"/>
		</Unit>
		<Unit filename="/home/hp/c++/core/src/work/Work.h">
			<Option target="core"/>
		</Unit>
		<Unit filename="/home/hp/c++/core/src/work/WorkManager.h">
			<Option target="core"/>
		</Unit>
		<Unit filename="/home/hp/c++/core/src/work/WorkManagerImpl.cpp">
			<Option target="core"/>
		</Unit>
		<Unit filename="/home/hp/c++/core/src/work/WorkManagerImpl.h">
			<Option target="core"/>
		</Unit>
		<Unit filename="/home/hp/c++/core/src/work/WorkParent.cpp">
			<Option target="core"/>
		</Unit>
		<Unit filename="/home/hp/c++/core/src/work/WorkParent.h">
			<Option target="core"/>
		</Unit>
		<Unit filename="/home/hp/c++/core/src/work/WorkTests.cpp">
			<Option target="core"/>
		</Unit>
		<Unit filename="/home/hp/c++/core/src/xdr">
			<Option target="core"/>
		</Unit>
		<Unit filename="/home/hp/c++/core/src/xdr/Stellar-SCP.h">
			<Option target="core"/>
		</Unit>
		<Unit filename="/home/hp/c++/core/src/xdr/Stellar-SCP.x">
			<Option target="core"/>
		</Unit>
		<Unit filename="/home/hp/c++/core/src/xdr/Stellar-account-rule-resource.h">
			<Option target="core"/>
		</Unit>
		<Unit filename="/home/hp/c++/core/src/xdr/Stellar-account-rule-resource.x">
			<Option target="core"/>
		</Unit>
		<Unit filename="/home/hp/c++/core/src/xdr/Stellar-ledger-entries-account-KYC.h">
			<Option target="core"/>
		</Unit>
		<Unit filename="/home/hp/c++/core/src/xdr/Stellar-ledger-entries-account-KYC.x">
			<Option target="core"/>
		</Unit>
		<Unit filename="/home/hp/c++/core/src/xdr/Stellar-ledger-entries-account-limits.h">
			<Option target="core"/>
		</Unit>
		<Unit filename="/home/hp/c++/core/src/xdr/Stellar-ledger-entries-account-limits.x">
			<Option target="core"/>
		</Unit>
		<Unit filename="/home/hp/c++/core/src/xdr/Stellar-ledger-entries-account-role.h">
			<Option target="core"/>
		</Unit>
		<Unit filename="/home/hp/c++/core/src/xdr/Stellar-ledger-entries-account-role.x">
			<Option target="core"/>
		</Unit>
		<Unit filename="/home/hp/c++/core/src/xdr/Stellar-ledger-entries-account-rule.h">
			<Option target="core"/>
		</Unit>
		<Unit filename="/home/hp/c++/core/src/xdr/Stellar-ledger-entries-account-rule.x">
			<Option target="core"/>
		</Unit>
		<Unit filename="/home/hp/c++/core/src/xdr/Stellar-ledger-entries-account-type-limits.h">
			<Option target="core"/>
		</Unit>
		<Unit filename="/home/hp/c++/core/src/xdr/Stellar-ledger-entries-account-type-limits.x">
			<Option target="core"/>
		</Unit>
		<Unit filename="/home/hp/c++/core/src/xdr/Stellar-ledger-entries-account.h">
			<Option target="core"/>
		</Unit>
		<Unit filename="/home/hp/c++/core/src/xdr/Stellar-ledger-entries-account.x">
			<Option target="core"/>
		</Unit>
		<Unit filename="/home/hp/c++/core/src/xdr/Stellar-ledger-entries-asset-pair.h">
			<Option target="core"/>
		</Unit>
		<Unit filename="/home/hp/c++/core/src/xdr/Stellar-ledger-entries-asset-pair.x">
			<Option target="core"/>
		</Unit>
		<Unit filename="/home/hp/c++/core/src/xdr/Stellar-ledger-entries-asset.h">
			<Option target="core"/>
		</Unit>
		<Unit filename="/home/hp/c++/core/src/xdr/Stellar-ledger-entries-asset.x">
			<Option target="core"/>
		</Unit>
		<Unit filename="/home/hp/c++/core/src/xdr/Stellar-ledger-entries-atomic-swap-bid.h">
			<Option target="core"/>
		</Unit>
		<Unit filename="/home/hp/c++/core/src/xdr/Stellar-ledger-entries-atomic-swap-bid.x">
			<Option target="core"/>
		</Unit>
		<Unit filename="/home/hp/c++/core/src/xdr/Stellar-ledger-entries-balance.h">
			<Option target="core"/>
		</Unit>
		<Unit filename="/home/hp/c++/core/src/xdr/Stellar-ledger-entries-balance.x">
			<Option target="core"/>
		</Unit>
		<Unit filename="/home/hp/c++/core/src/xdr/Stellar-ledger-entries-contract.h">
			<Option target="core"/>
		</Unit>
		<Unit filename="/home/hp/c++/core/src/xdr/Stellar-ledger-entries-contract.x">
			<Option target="core"/>
		</Unit>
		<Unit filename="/home/hp/c++/core/src/xdr/Stellar-ledger-entries-external-system-id-pool-entry.h">
			<Option target="core"/>
		</Unit>
		<Unit filename="/home/hp/c++/core/src/xdr/Stellar-ledger-entries-external-system-id-pool-entry.x">
			<Option target="core"/>
		</Unit>
		<Unit filename="/home/hp/c++/core/src/xdr/Stellar-ledger-entries-external-system-id.h">
			<Option target="core"/>
		</Unit>
		<Unit filename="/home/hp/c++/core/src/xdr/Stellar-ledger-entries-external-system-id.x">
			<Option target="core"/>
		</Unit>
		<Unit filename="/home/hp/c++/core/src/xdr/Stellar-ledger-entries-fee.h">
			<Option target="core"/>
		</Unit>
		<Unit filename="/home/hp/c++/core/src/xdr/Stellar-ledger-entries-fee.x">
			<Option target="core"/>
		</Unit>
		<Unit filename="/home/hp/c++/core/src/xdr/Stellar-ledger-entries-key-value.h">
			<Option target="core"/>
		</Unit>
		<Unit filename="/home/hp/c++/core/src/xdr/Stellar-ledger-entries-key-value.x">
			<Option target="core"/>
		</Unit>
		<Unit filename="/home/hp/c++/core/src/xdr/Stellar-ledger-entries-limits-v2.h">
			<Option target="core"/>
		</Unit>
		<Unit filename="/home/hp/c++/core/src/xdr/Stellar-ledger-entries-limits-v2.x">
			<Option target="core"/>
		</Unit>
		<Unit filename="/home/hp/c++/core/src/xdr/Stellar-ledger-entries-offer.h">
			<Option target="core"/>
		</Unit>
		<Unit filename="/home/hp/c++/core/src/xdr/Stellar-ledger-entries-offer.x">
			<Option target="core"/>
		</Unit>
		<Unit filename="/home/hp/c++/core/src/xdr/Stellar-ledger-entries-pending-statistics.h">
			<Option target="core"/>
		</Unit>
		<Unit filename="/home/hp/c++/core/src/xdr/Stellar-ledger-entries-pending-statistics.x">
			<Option target="core"/>
		</Unit>
		<Unit filename="/home/hp/c++/core/src/xdr/Stellar-ledger-entries-reference.h">
			<Option target="core"/>
		</Unit>
		<Unit filename="/home/hp/c++/core/src/xdr/Stellar-ledger-entries-reference.x">
			<Option target="core"/>
		</Unit>
		<Unit filename="/home/hp/c++/core/src/xdr/Stellar-ledger-entries-reviewable-request.h">
			<Option target="core"/>
		</Unit>
		<Unit filename="/home/hp/c++/core/src/xdr/Stellar-ledger-entries-reviewable-request.x">
			<Option target="core"/>
		</Unit>
		<Unit filename="/home/hp/c++/core/src/xdr/Stellar-ledger-entries-sale.h">
			<Option target="core"/>
		</Unit>
		<Unit filename="/home/hp/c++/core/src/xdr/Stellar-ledger-entries-sale.x">
			<Option target="core"/>
		</Unit>
		<Unit filename="/home/hp/c++/core/src/xdr/Stellar-ledger-entries-statistics-v2.h">
			<Option target="core"/>
		</Unit>
		<Unit filename="/home/hp/c++/core/src/xdr/Stellar-ledger-entries-statistics-v2.x">
			<Option target="core"/>
		</Unit>
		<Unit filename="/home/hp/c++/core/src/xdr/Stellar-ledger-entries-statistics.h">
			<Option target="core"/>
		</Unit>
		<Unit filename="/home/hp/c++/core/src/xdr/Stellar-ledger-entries-statistics.x">
			<Option target="core"/>
		</Unit>
		<Unit filename="/home/hp/c++/core/src/xdr/Stellar-ledger-entries.h">
			<Option target="core"/>
		</Unit>
		<Unit filename="/home/hp/c++/core/src/xdr/Stellar-ledger-entries.x">
			<Option target="core"/>
		</Unit>
		<Unit filename="/home/hp/c++/core/src/xdr/Stellar-ledger.h">
			<Option target="core"/>
		</Unit>
		<Unit filename="/home/hp/c++/core/src/xdr/Stellar-ledger.x">
			<Option target="core"/>
		</Unit>
		<Unit filename="/home/hp/c++/core/src/xdr/Stellar-operation-bind-external-system-id.h">
			<Option target="core"/>
		</Unit>
		<Unit filename="/home/hp/c++/core/src/xdr/Stellar-operation-bind-external-system-id.x">
			<Option target="core"/>
		</Unit>
		<Unit filename="/home/hp/c++/core/src/xdr/Stellar-operation-cancel-atomic-swap-bid.h">
			<Option target="core"/>
		</Unit>
		<Unit filename="/home/hp/c++/core/src/xdr/Stellar-operation-cancel-atomic-swap-bid.x">
			<Option target="core"/>
		</Unit>
		<Unit filename="/home/hp/c++/core/src/xdr/Stellar-operation-cancel-sale-creation-request.h">
			<Option target="core"/>
		</Unit>
		<Unit filename="/home/hp/c++/core/src/xdr/Stellar-operation-cancel-sale-creation-request.x">
			<Option target="core"/>
		</Unit>
		<Unit filename="/home/hp/c++/core/src/xdr/Stellar-operation-check-sale-state.h">
			<Option target="core"/>
		</Unit>
		<Unit filename="/home/hp/c++/core/src/xdr/Stellar-operation-check-sale-state.x">
			<Option target="core"/>
		</Unit>
		<Unit filename="/home/hp/c++/core/src/xdr/Stellar-operation-create-AML-alert-request.h">
			<Option target="core"/>
		</Unit>
		<Unit filename="/home/hp/c++/core/src/xdr/Stellar-operation-create-AML-alert-request.x">
			<Option target="core"/>
		</Unit>
		<Unit filename="/home/hp/c++/core/src/xdr/Stellar-operation-create-account.h">
			<Option target="core"/>
		</Unit>
		<Unit filename="/home/hp/c++/core/src/xdr/Stellar-operation-create-account.x">
			<Option target="core"/>
		</Unit>
		<Unit filename="/home/hp/c++/core/src/xdr/Stellar-operation-create-aswap-bid-creation-request.h">
			<Option target="core"/>
		</Unit>
		<Unit filename="/home/hp/c++/core/src/xdr/Stellar-operation-create-aswap-bid-creation-request.x">
			<Option target="core"/>
		</Unit>
		<Unit filename="/home/hp/c++/core/src/xdr/Stellar-operation-create-aswap-request.h">
			<Option target="core"/>
		</Unit>
		<Unit filename="/home/hp/c++/core/src/xdr/Stellar-operation-create-aswap-request.x">
			<Option target="core"/>
		</Unit>
		<Unit filename="/home/hp/c++/core/src/xdr/Stellar-operation-create-change-role-request.h">
			<Option target="core"/>
		</Unit>
		<Unit filename="/home/hp/c++/core/src/xdr/Stellar-operation-create-change-role-request.x">
			<Option target="core"/>
		</Unit>
		<Unit filename="/home/hp/c++/core/src/xdr/Stellar-operation-create-issuance-request.h">
			<Option target="core"/>
		</Unit>
		<Unit filename="/home/hp/c++/core/src/xdr/Stellar-operation-create-issuance-request.x">
			<Option target="core"/>
		</Unit>
		<Unit filename="/home/hp/c++/core/src/xdr/Stellar-operation-create-manage-limits-request.h">
			<Option target="core"/>
		</Unit>
		<Unit filename="/home/hp/c++/core/src/xdr/Stellar-operation-create-manage-limits-request.x">
			<Option target="core"/>
		</Unit>
		<Unit filename="/home/hp/c++/core/src/xdr/Stellar-operation-create-preissuance-request.h">
			<Option target="core"/>
		</Unit>
		<Unit filename="/home/hp/c++/core/src/xdr/Stellar-operation-create-preissuance-request.x">
			<Option target="core"/>
		</Unit>
		<Unit filename="/home/hp/c++/core/src/xdr/Stellar-operation-create-sale-creation-request.h">
			<Option target="core"/>
		</Unit>
		<Unit filename="/home/hp/c++/core/src/xdr/Stellar-operation-create-sale-creation-request.x">
			<Option target="core"/>
		</Unit>
		<Unit filename="/home/hp/c++/core/src/xdr/Stellar-operation-create-withdrawal-request.h">
			<Option target="core"/>
		</Unit>
		<Unit filename="/home/hp/c++/core/src/xdr/Stellar-operation-create-withdrawal-request.x">
			<Option target="core"/>
		</Unit>
		<Unit filename="/home/hp/c++/core/src/xdr/Stellar-operation-manage-account-role.h">
			<Option target="core"/>
		</Unit>
		<Unit filename="/home/hp/c++/core/src/xdr/Stellar-operation-manage-account-role.x">
			<Option target="core"/>
		</Unit>
		<Unit filename="/home/hp/c++/core/src/xdr/Stellar-operation-manage-account-rule.h">
			<Option target="core"/>
		</Unit>
		<Unit filename="/home/hp/c++/core/src/xdr/Stellar-operation-manage-account-rule.x">
			<Option target="core"/>
		</Unit>
		<Unit filename="/home/hp/c++/core/src/xdr/Stellar-operation-manage-account.h">
			<Option target="core"/>
		</Unit>
		<Unit filename="/home/hp/c++/core/src/xdr/Stellar-operation-manage-account.x">
			<Option target="core"/>
		</Unit>
		<Unit filename="/home/hp/c++/core/src/xdr/Stellar-operation-manage-asset-pair.h">
			<Option target="core"/>
		</Unit>
		<Unit filename="/home/hp/c++/core/src/xdr/Stellar-operation-manage-asset-pair.x">
			<Option target="core"/>
		</Unit>
		<Unit filename="/home/hp/c++/core/src/xdr/Stellar-operation-manage-asset.h">
			<Option target="core"/>
		</Unit>
		<Unit filename="/home/hp/c++/core/src/xdr/Stellar-operation-manage-asset.x">
			<Option target="core"/>
		</Unit>
		<Unit filename="/home/hp/c++/core/src/xdr/Stellar-operation-manage-balance.h">
			<Option target="core"/>
		</Unit>
		<Unit filename="/home/hp/c++/core/src/xdr/Stellar-operation-manage-balance.x">
			<Option target="core"/>
		</Unit>
		<Unit filename="/home/hp/c++/core/src/xdr/Stellar-operation-manage-contract-request.h">
			<Option target="core"/>
		</Unit>
		<Unit filename="/home/hp/c++/core/src/xdr/Stellar-operation-manage-contract-request.x">
			<Option target="core"/>
		</Unit>
		<Unit filename="/home/hp/c++/core/src/xdr/Stellar-operation-manage-contract.h">
			<Option target="core"/>
		</Unit>
		<Unit filename="/home/hp/c++/core/src/xdr/Stellar-operation-manage-contract.x">
			<Option target="core"/>
		</Unit>
		<Unit filename="/home/hp/c++/core/src/xdr/Stellar-operation-manage-external-system-id-pool-entry.h">
			<Option target="core"/>
		</Unit>
		<Unit filename="/home/hp/c++/core/src/xdr/Stellar-operation-manage-external-system-id-pool-entry.x">
			<Option target="core"/>
		</Unit>
		<Unit filename="/home/hp/c++/core/src/xdr/Stellar-operation-manage-invoice-request.h">
			<Option target="core"/>
		</Unit>
		<Unit filename="/home/hp/c++/core/src/xdr/Stellar-operation-manage-invoice-request.x">
			<Option target="core"/>
		</Unit>
		<Unit filename="/home/hp/c++/core/src/xdr/Stellar-operation-manage-key-value.h">
			<Option target="core"/>
		</Unit>
		<Unit filename="/home/hp/c++/core/src/xdr/Stellar-operation-manage-key-value.x">
			<Option target="core"/>
		</Unit>
		<Unit filename="/home/hp/c++/core/src/xdr/Stellar-operation-manage-limits.h">
			<Option target="core"/>
		</Unit>
		<Unit filename="/home/hp/c++/core/src/xdr/Stellar-operation-manage-limits.x">
			<Option target="core"/>
		</Unit>
		<Unit filename="/home/hp/c++/core/src/xdr/Stellar-operation-manage-offer.h">
			<Option target="core"/>
		</Unit>
		<Unit filename="/home/hp/c++/core/src/xdr/Stellar-operation-manage-offer.x">
			<Option target="core"/>
		</Unit>
		<Unit filename="/home/hp/c++/core/src/xdr/Stellar-operation-manage-sale.h">
			<Option target="core"/>
		</Unit>
		<Unit filename="/home/hp/c++/core/src/xdr/Stellar-operation-manage-sale.x">
			<Option target="core"/>
		</Unit>
		<Unit filename="/home/hp/c++/core/src/xdr/Stellar-operation-payment-v2.h">
			<Option target="core"/>
		</Unit>
		<Unit filename="/home/hp/c++/core/src/xdr/Stellar-operation-payment-v2.x">
			<Option target="core"/>
		</Unit>
		<Unit filename="/home/hp/c++/core/src/xdr/Stellar-operation-payout.h">
			<Option target="core"/>
		</Unit>
		<Unit filename="/home/hp/c++/core/src/xdr/Stellar-operation-payout.x">
			<Option target="core"/>
		</Unit>
		<Unit filename="/home/hp/c++/core/src/xdr/Stellar-operation-review-request.h">
			<Option target="core"/>
		</Unit>
		<Unit filename="/home/hp/c++/core/src/xdr/Stellar-operation-review-request.x">
			<Option target="core"/>
		</Unit>
		<Unit filename="/home/hp/c++/core/src/xdr/Stellar-operation-set-fees.h">
			<Option target="core"/>
		</Unit>
		<Unit filename="/home/hp/c++/core/src/xdr/Stellar-operation-set-fees.x">
			<Option target="core"/>
		</Unit>
		<Unit filename="/home/hp/c++/core/src/xdr/Stellar-operation-set-options.h">
			<Option target="core"/>
		</Unit>
		<Unit filename="/home/hp/c++/core/src/xdr/Stellar-operation-set-options.x">
			<Option target="core"/>
		</Unit>
		<Unit filename="/home/hp/c++/core/src/xdr/Stellar-overlay.h">
			<Option target="core"/>
		</Unit>
		<Unit filename="/home/hp/c++/core/src/xdr/Stellar-overlay.x">
			<Option target="core"/>
		</Unit>
		<Unit filename="/home/hp/c++/core/src/xdr/Stellar-reviewable-request-AML-alert.h">
			<Option target="core"/>
		</Unit>
		<Unit filename="/home/hp/c++/core/src/xdr/Stellar-reviewable-request-AML-alert.x">
			<Option target="core"/>
		</Unit>
		<Unit filename="/home/hp/c++/core/src/xdr/Stellar-reviewable-request-asset.h">
			<Option target="core"/>
		</Unit>
		<Unit filename="/home/hp/c++/core/src/xdr/Stellar-reviewable-request-asset.x">
			<Option target="core"/>
		</Unit>
		<Unit filename="/home/hp/c++/core/src/xdr/Stellar-reviewable-request-atomic-swap-bid.h">
			<Option target="core"/>
		</Unit>
		<Unit filename="/home/hp/c++/core/src/xdr/Stellar-reviewable-request-atomic-swap-bid.x">
			<Option target="core"/>
		</Unit>
		<Unit filename="/home/hp/c++/core/src/xdr/Stellar-reviewable-request-atomic-swap.h">
			<Option target="core"/>
		</Unit>
		<Unit filename="/home/hp/c++/core/src/xdr/Stellar-reviewable-request-atomic-swap.x">
			<Option target="core"/>
		</Unit>
		<Unit filename="/home/hp/c++/core/src/xdr/Stellar-reviewable-request-change-role.h">
			<Option target="core"/>
		</Unit>
		<Unit filename="/home/hp/c++/core/src/xdr/Stellar-reviewable-request-change-role.x">
			<Option target="core"/>
		</Unit>
		<Unit filename="/home/hp/c++/core/src/xdr/Stellar-reviewable-request-contract.h">
			<Option target="core"/>
		</Unit>
		<Unit filename="/home/hp/c++/core/src/xdr/Stellar-reviewable-request-contract.x">
			<Option target="core"/>
		</Unit>
		<Unit filename="/home/hp/c++/core/src/xdr/Stellar-reviewable-request-invoice.h">
			<Option target="core"/>
		</Unit>
		<Unit filename="/home/hp/c++/core/src/xdr/Stellar-reviewable-request-invoice.x">
			<Option target="core"/>
		</Unit>
		<Unit filename="/home/hp/c++/core/src/xdr/Stellar-reviewable-request-issuance.h">
			<Option target="core"/>
		</Unit>
		<Unit filename="/home/hp/c++/core/src/xdr/Stellar-reviewable-request-issuance.x">
			<Option target="core"/>
		</Unit>
		<Unit filename="/home/hp/c++/core/src/xdr/Stellar-reviewable-request-limits-update.h">
			<Option target="core"/>
		</Unit>
		<Unit filename="/home/hp/c++/core/src/xdr/Stellar-reviewable-request-limits-update.x">
			<Option target="core"/>
		</Unit>
		<Unit filename="/home/hp/c++/core/src/xdr/Stellar-reviewable-request-sale.h">
			<Option target="core"/>
		</Unit>
		<Unit filename="/home/hp/c++/core/src/xdr/Stellar-reviewable-request-sale.x">
			<Option target="core"/>
		</Unit>
		<Unit filename="/home/hp/c++/core/src/xdr/Stellar-reviewable-request-update-sale-details.h">
			<Option target="core"/>
		</Unit>
		<Unit filename="/home/hp/c++/core/src/xdr/Stellar-reviewable-request-update-sale-details.x">
			<Option target="core"/>
		</Unit>
		<Unit filename="/home/hp/c++/core/src/xdr/Stellar-reviewable-request-withdrawal.h">
			<Option target="core"/>
		</Unit>
		<Unit filename="/home/hp/c++/core/src/xdr/Stellar-reviewable-request-withdrawal.x">
			<Option target="core"/>
		</Unit>
		<Unit filename="/home/hp/c++/core/src/xdr/Stellar-transaction.h">
			<Option target="core"/>
		</Unit>
		<Unit filename="/home/hp/c++/core/src/xdr/Stellar-transaction.x">
			<Option target="core"/>
		</Unit>
		<Unit filename="/home/hp/c++/core/src/xdr/Stellar-types.h">
			<Option target="core"/>
		</Unit>
		<Unit filename="/home/hp/c++/core/src/xdr/Stellar-types.x">
			<Option target="core"/>
		</Unit>
		<Unit filename="/home/hp/c++/core/CMakeLists.txt">
			<Option virtualFolder="CMake Files\"/>
		</Unit>
		<Unit filename="/home/hp/c++/core/src/CMakeLists.txt">
			<Option virtualFolder="CMake Files\src\"/>
		</Unit>
		<Unit filename="/home/hp/c++/core/src/gen_xdr.cmake">
			<Option virtualFolder="CMake Files\src\"/>
		</Unit>
		<Unit filename="/home/hp/c++/core/src/platform_definitions.cmake">
			<Option virtualFolder="CMake Files\src\"/>
		</Unit>
		<Unit filename="/home/hp/c++/core/src/platform_include.cmake">
			<Option virtualFolder="CMake Files\src\"/>
		</Unit>
		<Unit filename="/home/hp/c++/core/src/platform_libs.cmake">
			<Option virtualFolder="CMake Files\src\"/>
		</Unit>
		<Unit filename="/home/hp/c++/core/lib/CMakeLists.txt">
			<Option virtualFolder="CMake Files\lib\"/>
		</Unit>
		<Unit filename="/home/hp/c++/core/lib/gtest/CMakeLists.txt">
			<Option virtualFolder="CMake Files\lib\gtest\"/>
		</Unit>
		<Unit filename="/home/hp/c++/core/lib/gtest/googlemock/CMakeLists.txt">
			<Option virtualFolder="CMake Files\lib\gtest\googlemock\"/>
		</Unit>
		<Unit filename="/home/hp/c++/core/lib/gtest/googlemock/cmake/gmock.pc.in">
			<Option virtualFolder="CMake Files\lib\gtest\googlemock\cmake\"/>
		</Unit>
		<Unit filename="/home/hp/c++/core/lib/gtest/googlemock/cmake/gmock_main.pc.in">
			<Option virtualFolder="CMake Files\lib\gtest\googlemock\cmake\"/>
		</Unit>
		<Unit filename="/home/hp/c++/core/lib/gtest/googletest/CMakeLists.txt">
			<Option virtualFolder="CMake Files\lib\gtest\googletest\"/>
		</Unit>
		<Unit filename="/home/hp/c++/core/lib/gtest/googletest/cmake/gtest.pc.in">
			<Option virtualFolder="CMake Files\lib\gtest\googletest\cmake\"/>
		</Unit>
		<Unit filename="/home/hp/c++/core/lib/gtest/googletest/cmake/gtest_main.pc.in">
			<Option virtualFolder="CMake Files\lib\gtest\googletest\cmake\"/>
		</Unit>
		<Unit filename="/home/hp/c++/core/lib/gtest/googletest/cmake/internal_utils.cmake">
			<Option virtualFolder="CMake Files\lib\gtest\googletest\cmake\"/>
		</Unit>
		<Unit filename="/home/hp/c++/core/lib/libsodium/CMakeLists.txt">
			<Option virtualFolder="CMake Files\lib\libsodium\"/>
		</Unit>
		<Unit filename="/home/hp/c++/core/lib/libsodium/src/libsodium/include/sodium/version.h.in">
			<Option virtualFolder="CMake Files\lib\libsodium\src\libsodium\include\sodium\"/>
		</Unit>
		<Unit filename="/home/hp/c++/core/lib/xdrpp/CMakeLists.txt">
			<Option virtualFolder="CMake Files\lib\xdrpp\"/>
		</Unit>
		<Unit filename="/home/hp/c++/core/lib/xdrpp/config.h.in">
			<Option virtualFolder="CMake Files\lib\xdrpp\"/>
		</Unit>
		<Unit filename="/home/hp/c++/core/lib/xdrpp/configure_xdr.cmake">
			<Option virtualFolder="CMake Files\lib\xdrpp\"/>
		</Unit>
		<Unit filename="/home/hp/c++/core/lib/xdrpp/xdrpp/CMakeLists.txt">
			<Option virtualFolder="CMake Files\lib\xdrpp\xdrpp\"/>
		</Unit>
		<Unit filename="/home/hp/c++/core/lib/xdrpp/xdrpp/build_endian.h.in">
			<Option virtualFolder="CMake Files\lib\xdrpp\xdrpp\"/>
		</Unit>
		<Unit filename="/home/hp/c++/core/lib/xdrpp/xdrpp/gen_xdrpp.cmake">
			<Option virtualFolder="CMake Files\lib\xdrpp\xdrpp\"/>
		</Unit>
		<Unit filename="/home/hp/c++/core/lib/xdrpp/xdrc/CMakeLists.txt">
			<Option virtualFolder="CMake Files\lib\xdrpp\xdrc\"/>
		</Unit>
	</Project>
</CodeBlocks_project_file>
